// !$*UTF8*$!
{
	archiveVersion = 1;
	classes = {
	};
	objectVersion = 60;
	objects = {

/* Begin PBXBuildFile section */
		5575F3F32ABF6F7C00E3917E /* DreamJournalApp.swift in Sources */ = {isa = PBXBuildFile; fileRef = 5575F3F22ABF6F7C00E3917E /* DreamJournalApp.swift */; };
		5575F3F92ABF6F7E00E3917E /* Assets.xcassets in Resources */ = {isa = PBXBuildFile; fileRef = 5575F3F82ABF6F7E00E3917E /* Assets.xcassets */; };
		5575F3FC2ABF6F7E00E3917E /* Preview Assets.xcassets in Resources */ = {isa = PBXBuildFile; fileRef = 5575F3FB2ABF6F7E00E3917E /* Preview Assets.xcassets */; };
		5575F4042ABF6FC000E3917E /* Dream.swift in Sources */ = {isa = PBXBuildFile; fileRef = 5575F4032ABF6FC000E3917E /* Dream.swift */; };
		5575F4072ABF70E500E3917E /* AddDreamIntent.swift in Sources */ = {isa = PBXBuildFile; fileRef = 5575F4062ABF70E500E3917E /* AddDreamIntent.swift */; };
		5575F40A2ABF74C400E3917E /* MainView.swift in Sources */ = {isa = PBXBuildFile; fileRef = 5575F4092ABF74C400E3917E /* MainView.swift */; };
		5575F4102ABF8E0600E3917E /* DeleteDreamIntent.swift in Sources */ = {isa = PBXBuildFile; fileRef = 5575F40F2ABF8E0600E3917E /* DeleteDreamIntent.swift */; };
/* End PBXBuildFile section */

/* Begin PBXFileReference section */
		5575F3EF2ABF6F7C00E3917E /* DreamJournal.app */ = {isa = PBXFileReference; explicitFileType = wrapper.application; includeInIndex = 0; path = DreamJournal.app; sourceTree = BUILT_PRODUCTS_DIR; };
		5575F3F22ABF6F7C00E3917E /* DreamJournalApp.swift */ = {isa = PBXFileReference; lastKnownFileType = sourcecode.swift; path = DreamJournalApp.swift; sourceTree = "<group>"; };
		5575F3F82ABF6F7E00E3917E /* Assets.xcassets */ = {isa = PBXFileReference; lastKnownFileType = folder.assetcatalog; path = Assets.xcassets; sourceTree = "<group>"; };
		5575F3FB2ABF6F7E00E3917E /* Preview Assets.xcassets */ = {isa = PBXFileReference; lastKnownFileType = folder.assetcatalog; path = "Preview Assets.xcassets"; sourceTree = "<group>"; };
		5575F4032ABF6FC000E3917E /* Dream.swift */ = {isa = PBXFileReference; lastKnownFileType = sourcecode.swift; path = Dream.swift; sourceTree = "<group>"; };
		5575F4062ABF70E500E3917E /* AddDreamIntent.swift */ = {isa = PBXFileReference; lastKnownFileType = sourcecode.swift; path = AddDreamIntent.swift; sourceTree = "<group>"; };
		5575F4092ABF74C400E3917E /* MainView.swift */ = {isa = PBXFileReference; lastKnownFileType = sourcecode.swift; path = MainView.swift; sourceTree = "<group>"; };
		5575F40F2ABF8E0600E3917E /* DeleteDreamIntent.swift */ = {isa = PBXFileReference; lastKnownFileType = sourcecode.swift; path = DeleteDreamIntent.swift; sourceTree = "<group>"; };
/* End PBXFileReference section */

/* Begin PBXFrameworksBuildPhase section */
		5575F3EC2ABF6F7C00E3917E /* Frameworks */ = {
			isa = PBXFrameworksBuildPhase;
			buildActionMask = 2147483647;
			files = (
			);
			runOnlyForDeploymentPostprocessing = 0;
		};
/* End PBXFrameworksBuildPhase section */

/* Begin PBXGroup section */
		5575F3E62ABF6F7C00E3917E = {
			isa = PBXGroup;
			children = (
				5575F3F12ABF6F7C00E3917E /* DreamJournal */,
				5575F3F02ABF6F7C00E3917E /* Products */,
			);
			sourceTree = "<group>";
		};
		5575F3F02ABF6F7C00E3917E /* Products */ = {
			isa = PBXGroup;
			children = (
				5575F3EF2ABF6F7C00E3917E /* DreamJournal.app */,
			);
			name = Products;
			sourceTree = "<group>";
		};
		5575F3F12ABF6F7C00E3917E /* DreamJournal */ = {
			isa = PBXGroup;
			children = (
				5575F4082ABF732A00E3917E /* Views */,
				5575F4052ABF70C700E3917E /* Intents */,
				5575F4022ABF6FAF00E3917E /* Models */,
				5575F3F22ABF6F7C00E3917E /* DreamJournalApp.swift */,
				5575F3F82ABF6F7E00E3917E /* Assets.xcassets */,
				5575F3FA2ABF6F7E00E3917E /* Preview Content */,
			);
			path = DreamJournal;
			sourceTree = "<group>";
		};
		5575F3FA2ABF6F7E00E3917E /* Preview Content */ = {
			isa = PBXGroup;
			children = (
				5575F3FB2ABF6F7E00E3917E /* Preview Assets.xcassets */,
			);
			path = "Preview Content";
			sourceTree = "<group>";
		};
		5575F4022ABF6FAF00E3917E /* Models */ = {
			isa = PBXGroup;
			children = (
				5575F4032ABF6FC000E3917E /* Dream.swift */,
			);
			path = Models;
			sourceTree = "<group>";
		};
		5575F4052ABF70C700E3917E /* Intents */ = {
			isa = PBXGroup;
			children = (
				5575F4062ABF70E500E3917E /* AddDreamIntent.swift */,
				5575F40F2ABF8E0600E3917E /* DeleteDreamIntent.swift */,
			);
			path = Intents;
			sourceTree = "<group>";
		};
		5575F4082ABF732A00E3917E /* Views */ = {
			isa = PBXGroup;
			children = (
				5575F4092ABF74C400E3917E /* MainView.swift */,
			);
			path = Views;
			sourceTree = "<group>";
		};
/* End PBXGroup section */

/* Begin PBXNativeTarget section */
		5575F3EE2ABF6F7C00E3917E /* DreamJournal */ = {
			isa = PBXNativeTarget;
			buildConfigurationList = 5575F3FF2ABF6F7E00E3917E /* Build configuration list for PBXNativeTarget "DreamJournal" */;
			buildPhases = (
				5575F3EB2ABF6F7C00E3917E /* Sources */,
				5575F3EC2ABF6F7C00E3917E /* Frameworks */,
				5575F3ED2ABF6F7C00E3917E /* Resources */,
			);
			buildRules = (
			);
			dependencies = (
			);
			name = DreamJournal;
			productName = DreamJournal;
			productReference = 5575F3EF2ABF6F7C00E3917E /* DreamJournal.app */;
			productType = "com.apple.product-type.application";
		};
/* End PBXNativeTarget section */

/* Begin PBXProject section */
		5575F3E72ABF6F7C00E3917E /* Project object */ = {
			isa = PBXProject;
			attributes = {
				BuildIndependentTargetsInParallel = 1;
				LastSwiftUpdateCheck = 1500;
				LastUpgradeCheck = 1500;
				TargetAttributes = {
					5575F3EE2ABF6F7C00E3917E = {
						CreatedOnToolsVersion = 15.0;
					};
				};
			};
			buildConfigurationList = 5575F3EA2ABF6F7C00E3917E /* Build configuration list for PBXProject "DreamJournal" */;
			compatibilityVersion = "Xcode 15.0";
			developmentRegion = en;
			hasScannedForEncodings = 0;
			knownRegions = (
				en,
				Base,
			);
			mainGroup = 5575F3E62ABF6F7C00E3917E;
			productRefGroup = 5575F3F02ABF6F7C00E3917E /* Products */;
			projectDirPath = "";
			projectRoot = "";
			targets = (
				5575F3EE2ABF6F7C00E3917E /* DreamJournal */,
			);
		};
/* End PBXProject section */

/* Begin PBXResourcesBuildPhase section */
		5575F3ED2ABF6F7C00E3917E /* Resources */ = {
			isa = PBXResourcesBuildPhase;
			buildActionMask = 2147483647;
			files = (
				5575F3FC2ABF6F7E00E3917E /* Preview Assets.xcassets in Resources */,
				5575F3F92ABF6F7E00E3917E /* Assets.xcassets in Resources */,
			);
			runOnlyForDeploymentPostprocessing = 0;
		};
/* End PBXResourcesBuildPhase section */

/* Begin PBXSourcesBuildPhase section */
		5575F3EB2ABF6F7C00E3917E /* Sources */ = {
			isa = PBXSourcesBuildPhase;
			buildActionMask = 2147483647;
			files = (
				5575F40A2ABF74C400E3917E /* MainView.swift in Sources */,
				5575F3F32ABF6F7C00E3917E /* DreamJournalApp.swift in Sources */,
				5575F4072ABF70E500E3917E /* AddDreamIntent.swift in Sources */,
				5575F4042ABF6FC000E3917E /* Dream.swift in Sources */,
				5575F4102ABF8E0600E3917E /* DeleteDreamIntent.swift in Sources */,
			);
			runOnlyForDeploymentPostprocessing = 0;
		};
/* End PBXSourcesBuildPhase section */

/* Begin XCBuildConfiguration section */
		5575F3FD2ABF6F7E00E3917E /* Debug */ = {
			isa = XCBuildConfiguration;
			buildSettings = {
				ALWAYS_SEARCH_USER_PATHS = NO;
				ASSETCATALOG_COMPILER_GENERATE_SWIFT_ASSET_SYMBOL_EXTENSIONS = YES;
				CLANG_ANALYZER_NONNULL = YES;
				CLANG_ANALYZER_NUMBER_OBJECT_CONVERSION = YES_AGGRESSIVE;
				CLANG_CXX_LANGUAGE_STANDARD = "gnu++20";
				CLANG_ENABLE_MODULES = YES;
				CLANG_ENABLE_OBJC_ARC = YES;
				CLANG_ENABLE_OBJC_WEAK = YES;
				CLANG_WARN_BLOCK_CAPTURE_AUTORELEASING = YES;
				CLANG_WARN_BOOL_CONVERSION = YES;
				CLANG_WARN_COMMA = YES;
				CLANG_WARN_CONSTANT_CONVERSION = YES;
				CLANG_WARN_DEPRECATED_OBJC_IMPLEMENTATIONS = YES;
				CLANG_WARN_DIRECT_OBJC_ISA_USAGE = YES_ERROR;
				CLANG_WARN_DOCUMENTATION_COMMENTS = YES;
				CLANG_WARN_EMPTY_BODY = YES;
				CLANG_WARN_ENUM_CONVERSION = YES;
				CLANG_WARN_INFINITE_RECURSION = YES;
				CLANG_WARN_INT_CONVERSION = YES;
				CLANG_WARN_NON_LITERAL_NULL_CONVERSION = YES;
				CLANG_WARN_OBJC_IMPLICIT_RETAIN_SELF = YES;
				CLANG_WARN_OBJC_LITERAL_CONVERSION = YES;
				CLANG_WARN_OBJC_ROOT_CLASS = YES_ERROR;
				CLANG_WARN_QUOTED_INCLUDE_IN_FRAMEWORK_HEADER = YES;
				CLANG_WARN_RANGE_LOOP_ANALYSIS = YES;
				CLANG_WARN_STRICT_PROTOTYPES = YES;
				CLANG_WARN_SUSPICIOUS_MOVE = YES;
				CLANG_WARN_UNGUARDED_AVAILABILITY = YES_AGGRESSIVE;
				CLANG_WARN_UNREACHABLE_CODE = YES;
				CLANG_WARN__DUPLICATE_METHOD_MATCH = YES;
				COPY_PHASE_STRIP = NO;
				DEBUG_INFORMATION_FORMAT = dwarf;
				ENABLE_STRICT_OBJC_MSGSEND = YES;
				ENABLE_TESTABILITY = YES;
				ENABLE_USER_SCRIPT_SANDBOXING = YES;
				GCC_C_LANGUAGE_STANDARD = gnu17;
				GCC_DYNAMIC_NO_PIC = NO;
				GCC_NO_COMMON_BLOCKS = YES;
				GCC_OPTIMIZATION_LEVEL = 0;
				GCC_PREPROCESSOR_DEFINITIONS = (
					"DEBUG=1",
					"$(inherited)",
				);
				GCC_WARN_64_TO_32_BIT_CONVERSION = YES;
				GCC_WARN_ABOUT_RETURN_TYPE = YES_ERROR;
				GCC_WARN_UNDECLARED_SELECTOR = YES;
				GCC_WARN_UNINITIALIZED_AUTOS = YES_AGGRESSIVE;
				GCC_WARN_UNUSED_FUNCTION = YES;
				GCC_WARN_UNUSED_VARIABLE = YES;
				IPHONEOS_DEPLOYMENT_TARGET = 17.0;
				LOCALIZATION_PREFERS_STRING_CATALOGS = YES;
				MTL_ENABLE_DEBUG_INFO = INCLUDE_SOURCE;
				MTL_FAST_MATH = YES;
				ONLY_ACTIVE_ARCH = YES;
				SDKROOT = iphoneos;
				SWIFT_ACTIVE_COMPILATION_CONDITIONS = "DEBUG $(inherited)";
				SWIFT_OPTIMIZATION_LEVEL = "-Onone";
			};
			name = Debug;
		};
		5575F3FE2ABF6F7E00E3917E /* Release */ = {
			isa = XCBuildConfiguration;
			buildSettings = {
				ALWAYS_SEARCH_USER_PATHS = NO;
				ASSETCATALOG_COMPILER_GENERATE_SWIFT_ASSET_SYMBOL_EXTENSIONS = YES;
				CLANG_ANALYZER_NONNULL = YES;
				CLANG_ANALYZER_NUMBER_OBJECT_CONVERSION = YES_AGGRESSIVE;
				CLANG_CXX_LANGUAGE_STANDARD = "gnu++20";
				CLANG_ENABLE_MODULES = YES;
				CLANG_ENABLE_OBJC_ARC = YES;
				CLANG_ENABLE_OBJC_WEAK = YES;
				CLANG_WARN_BLOCK_CAPTURE_AUTORELEASING = YES;
				CLANG_WARN_BOOL_CONVERSION = YES;
				CLANG_WARN_COMMA = YES;
				CLANG_WARN_CONSTANT_CONVERSION = YES;
				CLANG_WARN_DEPRECATED_OBJC_IMPLEMENTATIONS = YES;
				CLANG_WARN_DIRECT_OBJC_ISA_USAGE = YES_ERROR;
				CLANG_WARN_DOCUMENTATION_COMMENTS = YES;
				CLANG_WARN_EMPTY_BODY = YES;
				CLANG_WARN_ENUM_CONVERSION = YES;
				CLANG_WARN_INFINITE_RECURSION = YES;
				CLANG_WARN_INT_CONVERSION = YES;
				CLANG_WARN_NON_LITERAL_NULL_CONVERSION = YES;
				CLANG_WARN_OBJC_IMPLICIT_RETAIN_SELF = YES;
				CLANG_WARN_OBJC_LITERAL_CONVERSION = YES;
				CLANG_WARN_OBJC_ROOT_CLASS = YES_ERROR;
				CLANG_WARN_QUOTED_INCLUDE_IN_FRAMEWORK_HEADER = YES;
				CLANG_WARN_RANGE_LOOP_ANALYSIS = YES;
				CLANG_WARN_STRICT_PROTOTYPES = YES;
				CLANG_WARN_SUSPICIOUS_MOVE = YES;
				CLANG_WARN_UNGUARDED_AVAILABILITY = YES_AGGRESSIVE;
				CLANG_WARN_UNREACHABLE_CODE = YES;
				CLANG_WARN__DUPLICATE_METHOD_MATCH = YES;
				COPY_PHASE_STRIP = NO;
				DEBUG_INFORMATION_FORMAT = "dwarf-with-dsym";
				ENABLE_NS_ASSERTIONS = NO;
				ENABLE_STRICT_OBJC_MSGSEND = YES;
				ENABLE_USER_SCRIPT_SANDBOXING = YES;
				GCC_C_LANGUAGE_STANDARD = gnu17;
				GCC_NO_COMMON_BLOCKS = YES;
				GCC_WARN_64_TO_32_BIT_CONVERSION = YES;
				GCC_WARN_ABOUT_RETURN_TYPE = YES_ERROR;
				GCC_WARN_UNDECLARED_SELECTOR = YES;
				GCC_WARN_UNINITIALIZED_AUTOS = YES_AGGRESSIVE;
				GCC_WARN_UNUSED_FUNCTION = YES;
				GCC_WARN_UNUSED_VARIABLE = YES;
				IPHONEOS_DEPLOYMENT_TARGET = 17.0;
				LOCALIZATION_PREFERS_STRING_CATALOGS = YES;
				MTL_ENABLE_DEBUG_INFO = NO;
				MTL_FAST_MATH = YES;
				SDKROOT = iphoneos;
				SWIFT_COMPILATION_MODE = wholemodule;
				VALIDATE_PRODUCT = YES;
			};
			name = Release;
		};
		5575F4002ABF6F7E00E3917E /* Debug */ = {
			isa = XCBuildConfiguration;
			buildSettings = {
				ASSETCATALOG_COMPILER_APPICON_NAME = AppIcon;
				ASSETCATALOG_COMPILER_GLOBAL_ACCENT_COLOR_NAME = AccentColor;
				CODE_SIGN_STYLE = Automatic;
				CURRENT_PROJECT_VERSION = 1;
				DEVELOPMENT_ASSET_PATHS = "\"DreamJournal/Preview Content\"";
				DEVELOPMENT_TEAM = P7FYQ2HW53;
				ENABLE_PREVIEWS = YES;
				GENERATE_INFOPLIST_FILE = YES;
				INFOPLIST_KEY_UIApplicationSceneManifest_Generation = YES;
				INFOPLIST_KEY_UIApplicationSupportsIndirectInputEvents = YES;
				INFOPLIST_KEY_UILaunchScreen_Generation = YES;
				INFOPLIST_KEY_UISupportedInterfaceOrientations_iPad = "UIInterfaceOrientationPortrait UIInterfaceOrientationPortraitUpsideDown UIInterfaceOrientationLandscapeLeft UIInterfaceOrientationLandscapeRight";
				INFOPLIST_KEY_UISupportedInterfaceOrientations_iPhone = "UIInterfaceOrientationPortrait UIInterfaceOrientationLandscapeLeft UIInterfaceOrientationLandscapeRight";
				LD_RUNPATH_SEARCH_PATHS = (
					"$(inherited)",
					"@executable_path/Frameworks",
				);
				MARKETING_VERSION = 1.0;
				PRODUCT_BUNDLE_IDENTIFIER = com.Richard.DreamJournal;
				PRODUCT_NAME = "$(TARGET_NAME)";
				SWIFT_EMIT_LOC_STRINGS = YES;
				SWIFT_VERSION = 5.0;
				TARGETED_DEVICE_FAMILY = "1,2";
			};
			name = Debug;
		};
		5575F4012ABF6F7E00E3917E /* Release */ = {
			isa = XCBuildConfiguration;
			buildSettings = {
				ASSETCATALOG_COMPILER_APPICON_NAME = AppIcon;
				ASSETCATALOG_COMPILER_GLOBAL_ACCENT_COLOR_NAME = AccentColor;
				CODE_SIGN_STYLE = Automatic;
				CURRENT_PROJECT_VERSION = 1;
				DEVELOPMENT_ASSET_PATHS = "\"DreamJournal/Preview Content\"";
				DEVELOPMENT_TEAM = P7FYQ2HW53;
				ENABLE_PREVIEWS = YES;
				GENERATE_INFOPLIST_FILE = YES;
				INFOPLIST_KEY_UIApplicationSceneManifest_Generation = YES;
				INFOPLIST_KEY_UIApplicationSupportsIndirectInputEvents = YES;
				INFOPLIST_KEY_UILaunchScreen_Generation = YES;
				INFOPLIST_KEY_UISupportedInterfaceOrientations_iPad = "UIInterfaceOrientationPortrait UIInterfaceOrientationPortraitUpsideDown UIInterfaceOrientationLandscapeLeft UIInterfaceOrientationLandscapeRight";
				INFOPLIST_KEY_UISupportedInterfaceOrientations_iPhone = "UIInterfaceOrientationPortrait UIInterfaceOrientationLandscapeLeft UIInterfaceOrientationLandscapeRight";
				LD_RUNPATH_SEARCH_PATHS = (
					"$(inherited)",
					"@executable_path/Frameworks",
				);
				MARKETING_VERSION = 1.0;
				PRODUCT_BUNDLE_IDENTIFIER = com.Richard.DreamJournal;
				PRODUCT_NAME = "$(TARGET_NAME)";
				SWIFT_EMIT_LOC_STRINGS = YES;
				SWIFT_VERSION = 5.0;
				TARGETED_DEVICE_FAMILY = "1,2";
			};
			name = Release;
		};
/* End XCBuildConfiguration section */

/* Begin XCConfigurationList section */
		5575F3EA2ABF6F7C00E3917E /* Build configuration list for PBXProject "DreamJournal" */ = {
			isa = XCConfigurationList;
			buildConfigurations = (
				5575F3FD2ABF6F7E00E3917E /* Debug */,
				5575F3FE2ABF6F7E00E3917E /* Release */,
			);
			defaultConfigurationIsVisible = 0;
			defaultConfigurationName = Release;
		};
		5575F3FF2ABF6F7E00E3917E /* Build configuration list for PBXNativeTarget "DreamJournal" */ = {
			isa = XCConfigurationList;
			buildConfigurations = (
				5575F4002ABF6F7E00E3917E /* Debug */,
				5575F4012ABF6F7E00E3917E /* Release */,
			);
			defaultConfigurationIsVisible = 0;
			defaultConfigurationName = Release;
		};
/* End XCConfigurationList section */
	};
	rootObject = 5575F3E72ABF6F7C00E3917E /* Project object */;
}
