// !$*UTF8*$!
{
	archiveVersion = 1;
	classes = {
	};
	objectVersion = 56;
	objects = {

/* Begin PBXBuildFile section */
		55422FEB2A2935E500BE1320 /* AccountLedgerApp.swift in Sources */ = {isa = PBXBuildFile; fileRef = 55422FEA2A2935E500BE1320 /* AccountLedgerApp.swift */; };
		55422FED2A2935E500BE1320 /* LedgerView.swift in Sources */ = {isa = PBXBuildFile; fileRef = 55422FEC2A2935E500BE1320 /* LedgerView.swift */; };
		55422FEF2A2935E600BE1320 /* Assets.xcassets in Resources */ = {isa = PBXBuildFile; fileRef = 55422FEE2A2935E600BE1320 /* Assets.xcassets */; };
		55422FF22A2935E600BE1320 /* Preview Assets.xcassets in Resources */ = {isa = PBXBuildFile; fileRef = 55422FF12A2935E600BE1320 /* Preview Assets.xcassets */; };
		55422FFC2A2935E700BE1320 /* AccountLedgerTests.swift in Sources */ = {isa = PBXBuildFile; fileRef = 55422FFB2A2935E700BE1320 /* AccountLedgerTests.swift */; };
		554230062A2935E700BE1320 /* AccountLedgerUITests.swift in Sources */ = {isa = PBXBuildFile; fileRef = 554230052A2935E700BE1320 /* AccountLedgerUITests.swift */; };
		554230082A2935E700BE1320 /* AccountLedgerUITestsLaunchTests.swift in Sources */ = {isa = PBXBuildFile; fileRef = 554230072A2935E700BE1320 /* AccountLedgerUITestsLaunchTests.swift */; };
		554230172A29372D00BE1320 /* LedgerViewModel.swift in Sources */ = {isa = PBXBuildFile; fileRef = 554230162A29372D00BE1320 /* LedgerViewModel.swift */; };
		5542301A2A29A2F700BE1320 /* Account.swift in Sources */ = {isa = PBXBuildFile; fileRef = 554230192A29A2F700BE1320 /* Account.swift */; };
/* End PBXBuildFile section */

/* Begin PBXContainerItemProxy section */
		55422FF82A2935E700BE1320 /* PBXContainerItemProxy */ = {
			isa = PBXContainerItemProxy;
			containerPortal = 55422FDF2A2935E500BE1320 /* Project object */;
			proxyType = 1;
			remoteGlobalIDString = 55422FE62A2935E500BE1320;
			remoteInfo = AccountLedger;
		};
		554230022A2935E700BE1320 /* PBXContainerItemProxy */ = {
			isa = PBXContainerItemProxy;
			containerPortal = 55422FDF2A2935E500BE1320 /* Project object */;
			proxyType = 1;
			remoteGlobalIDString = 55422FE62A2935E500BE1320;
			remoteInfo = AccountLedger;
		};
/* End PBXContainerItemProxy section */

/* Begin PBXFileReference section */
		55422FE72A2935E500BE1320 /* AccountLedger.app */ = {isa = PBXFileReference; explicitFileType = wrapper.application; includeInIndex = 0; path = AccountLedger.app; sourceTree = BUILT_PRODUCTS_DIR; };
		55422FEA2A2935E500BE1320 /* AccountLedgerApp.swift */ = {isa = PBXFileReference; lastKnownFileType = sourcecode.swift; path = AccountLedgerApp.swift; sourceTree = "<group>"; };
		55422FEC2A2935E500BE1320 /* LedgerView.swift */ = {isa = PBXFileReference; lastKnownFileType = sourcecode.swift; path = LedgerView.swift; sourceTree = "<group>"; };
		55422FEE2A2935E600BE1320 /* Assets.xcassets */ = {isa = PBXFileReference; lastKnownFileType = folder.assetcatalog; path = Assets.xcassets; sourceTree = "<group>"; };
		55422FF12A2935E600BE1320 /* Preview Assets.xcassets */ = {isa = PBXFileReference; lastKnownFileType = folder.assetcatalog; path = "Preview Assets.xcassets"; sourceTree = "<group>"; };
		55422FF72A2935E700BE1320 /* AccountLedgerTests.xctest */ = {isa = PBXFileReference; explicitFileType = wrapper.cfbundle; includeInIndex = 0; path = AccountLedgerTests.xctest; sourceTree = BUILT_PRODUCTS_DIR; };
		55422FFB2A2935E700BE1320 /* AccountLedgerTests.swift */ = {isa = PBXFileReference; lastKnownFileType = sourcecode.swift; path = AccountLedgerTests.swift; sourceTree = "<group>"; };
		554230012A2935E700BE1320 /* AccountLedgerUITests.xctest */ = {isa = PBXFileReference; explicitFileType = wrapper.cfbundle; includeInIndex = 0; path = AccountLedgerUITests.xctest; sourceTree = BUILT_PRODUCTS_DIR; };
		554230052A2935E700BE1320 /* AccountLedgerUITests.swift */ = {isa = PBXFileReference; lastKnownFileType = sourcecode.swift; path = AccountLedgerUITests.swift; sourceTree = "<group>"; };
		554230072A2935E700BE1320 /* AccountLedgerUITestsLaunchTests.swift */ = {isa = PBXFileReference; lastKnownFileType = sourcecode.swift; path = AccountLedgerUITestsLaunchTests.swift; sourceTree = "<group>"; };
		554230162A29372D00BE1320 /* LedgerViewModel.swift */ = {isa = PBXFileReference; lastKnownFileType = sourcecode.swift; path = LedgerViewModel.swift; sourceTree = "<group>"; };
		554230192A29A2F700BE1320 /* Account.swift */ = {isa = PBXFileReference; lastKnownFileType = sourcecode.swift; path = Account.swift; sourceTree = "<group>"; };
/* End PBXFileReference section */

/* Begin PBXFrameworksBuildPhase section */
		55422FE42A2935E500BE1320 /* Frameworks */ = {
			isa = PBXFrameworksBuildPhase;
			buildActionMask = 2147483647;
			files = (
			);
			runOnlyForDeploymentPostprocessing = 0;
		};
		55422FF42A2935E700BE1320 /* Frameworks */ = {
			isa = PBXFrameworksBuildPhase;
			buildActionMask = 2147483647;
			files = (
			);
			runOnlyForDeploymentPostprocessing = 0;
		};
		55422FFE2A2935E700BE1320 /* Frameworks */ = {
			isa = PBXFrameworksBuildPhase;
			buildActionMask = 2147483647;
			files = (
			);
			runOnlyForDeploymentPostprocessing = 0;
		};
/* End PBXFrameworksBuildPhase section */

/* Begin PBXGroup section */
		55422FDE2A2935E500BE1320 = {
			isa = PBXGroup;
			children = (
				55422FE92A2935E500BE1320 /* AccountLedger */,
				55422FFA2A2935E700BE1320 /* AccountLedgerTests */,
				554230042A2935E700BE1320 /* AccountLedgerUITests */,
				55422FE82A2935E500BE1320 /* Products */,
			);
			sourceTree = "<group>";
		};
		55422FE82A2935E500BE1320 /* Products */ = {
			isa = PBXGroup;
			children = (
				55422FE72A2935E500BE1320 /* AccountLedger.app */,
				55422FF72A2935E700BE1320 /* AccountLedgerTests.xctest */,
				554230012A2935E700BE1320 /* AccountLedgerUITests.xctest */,
			);
			name = Products;
			sourceTree = "<group>";
		};
		55422FE92A2935E500BE1320 /* AccountLedger */ = {
			isa = PBXGroup;
			children = (
				554230182A29A2DC00BE1320 /* Models */,
				554230152A29361500BE1320 /* ViewModels */,
				554230142A29360700BE1320 /* Views */,
				55422FEA2A2935E500BE1320 /* AccountLedgerApp.swift */,
				55422FEE2A2935E600BE1320 /* Assets.xcassets */,
				55422FF02A2935E600BE1320 /* Preview Content */,
			);
			path = AccountLedger;
			sourceTree = "<group>";
		};
		55422FF02A2935E600BE1320 /* Preview Content */ = {
			isa = PBXGroup;
			children = (
				55422FF12A2935E600BE1320 /* Preview Assets.xcassets */,
			);
			path = "Preview Content";
			sourceTree = "<group>";
		};
		55422FFA2A2935E700BE1320 /* AccountLedgerTests */ = {
			isa = PBXGroup;
			children = (
				55422FFB2A2935E700BE1320 /* AccountLedgerTests.swift */,
			);
			path = AccountLedgerTests;
			sourceTree = "<group>";
		};
		554230042A2935E700BE1320 /* AccountLedgerUITests */ = {
			isa = PBXGroup;
			children = (
				554230052A2935E700BE1320 /* AccountLedgerUITests.swift */,
				554230072A2935E700BE1320 /* AccountLedgerUITestsLaunchTests.swift */,
			);
			path = AccountLedgerUITests;
			sourceTree = "<group>";
		};
		554230142A29360700BE1320 /* Views */ = {
			isa = PBXGroup;
			children = (
				55422FEC2A2935E500BE1320 /* LedgerView.swift */,
			);
			path = Views;
			sourceTree = "<group>";
		};
		554230152A29361500BE1320 /* ViewModels */ = {
			isa = PBXGroup;
			children = (
				554230162A29372D00BE1320 /* LedgerViewModel.swift */,
			);
			path = ViewModels;
			sourceTree = "<group>";
		};
		554230182A29A2DC00BE1320 /* Models */ = {
			isa = PBXGroup;
			children = (
				554230192A29A2F700BE1320 /* Account.swift */,
			);
			path = Models;
			sourceTree = "<group>";
		};
/* End PBXGroup section */

/* Begin PBXNativeTarget section */
		55422FE62A2935E500BE1320 /* AccountLedger */ = {
			isa = PBXNativeTarget;
			buildConfigurationList = 5542300B2A2935E700BE1320 /* Build configuration list for PBXNativeTarget "AccountLedger" */;
			buildPhases = (
				55422FE32A2935E500BE1320 /* Sources */,
				55422FE42A2935E500BE1320 /* Frameworks */,
				55422FE52A2935E500BE1320 /* Resources */,
			);
			buildRules = (
			);
			dependencies = (
			);
			name = AccountLedger;
			productName = AccountLedger;
			productReference = 55422FE72A2935E500BE1320 /* AccountLedger.app */;
			productType = "com.apple.product-type.application";
		};
		55422FF62A2935E700BE1320 /* AccountLedgerTests */ = {
			isa = PBXNativeTarget;
			buildConfigurationList = 5542300E2A2935E700BE1320 /* Build configuration list for PBXNativeTarget "AccountLedgerTests" */;
			buildPhases = (
				55422FF32A2935E700BE1320 /* Sources */,
				55422FF42A2935E700BE1320 /* Frameworks */,
				55422FF52A2935E700BE1320 /* Resources */,
			);
			buildRules = (
			);
			dependencies = (
				55422FF92A2935E700BE1320 /* PBXTargetDependency */,
			);
			name = AccountLedgerTests;
			productName = AccountLedgerTests;
			productReference = 55422FF72A2935E700BE1320 /* AccountLedgerTests.xctest */;
			productType = "com.apple.product-type.bundle.unit-test";
		};
		554230002A2935E700BE1320 /* AccountLedgerUITests */ = {
			isa = PBXNativeTarget;
			buildConfigurationList = 554230112A2935E700BE1320 /* Build configuration list for PBXNativeTarget "AccountLedgerUITests" */;
			buildPhases = (
				55422FFD2A2935E700BE1320 /* Sources */,
				55422FFE2A2935E700BE1320 /* Frameworks */,
				55422FFF2A2935E700BE1320 /* Resources */,
			);
			buildRules = (
			);
			dependencies = (
				554230032A2935E700BE1320 /* PBXTargetDependency */,
			);
			name = AccountLedgerUITests;
			productName = AccountLedgerUITests;
			productReference = 554230012A2935E700BE1320 /* AccountLedgerUITests.xctest */;
			productType = "com.apple.product-type.bundle.ui-testing";
		};
/* End PBXNativeTarget section */

/* Begin PBXProject section */
		55422FDF2A2935E500BE1320 /* Project object */ = {
			isa = PBXProject;
			attributes = {
				BuildIndependentTargetsInParallel = 1;
				LastSwiftUpdateCheck = 1430;
				LastUpgradeCheck = 1430;
				TargetAttributes = {
					55422FE62A2935E500BE1320 = {
						CreatedOnToolsVersion = 14.3;
					};
					55422FF62A2935E700BE1320 = {
						CreatedOnToolsVersion = 14.3;
						TestTargetID = 55422FE62A2935E500BE1320;
					};
					554230002A2935E700BE1320 = {
						CreatedOnToolsVersion = 14.3;
						TestTargetID = 55422FE62A2935E500BE1320;
					};
				};
			};
			buildConfigurationList = 55422FE22A2935E500BE1320 /* Build configuration list for PBXProject "AccountLedger" */;
			compatibilityVersion = "Xcode 14.0";
			developmentRegion = en;
			hasScannedForEncodings = 0;
			knownRegions = (
				en,
				Base,
			);
			mainGroup = 55422FDE2A2935E500BE1320;
			productRefGroup = 55422FE82A2935E500BE1320 /* Products */;
			projectDirPath = "";
			projectRoot = "";
			targets = (
				55422FE62A2935E500BE1320 /* AccountLedger */,
				55422FF62A2935E700BE1320 /* AccountLedgerTests */,
				554230002A2935E700BE1320 /* AccountLedgerUITests */,
			);
		};
/* End PBXProject section */

/* Begin PBXResourcesBuildPhase section */
		55422FE52A2935E500BE1320 /* Resources */ = {
			isa = PBXResourcesBuildPhase;
			buildActionMask = 2147483647;
			files = (
				55422FF22A2935E600BE1320 /* Preview Assets.xcassets in Resources */,
				55422FEF2A2935E600BE1320 /* Assets.xcassets in Resources */,
			);
			runOnlyForDeploymentPostprocessing = 0;
		};
		55422FF52A2935E700BE1320 /* Resources */ = {
			isa = PBXResourcesBuildPhase;
			buildActionMask = 2147483647;
			files = (
			);
			runOnlyForDeploymentPostprocessing = 0;
		};
		55422FFF2A2935E700BE1320 /* Resources */ = {
			isa = PBXResourcesBuildPhase;
			buildActionMask = 2147483647;
			files = (
			);
			runOnlyForDeploymentPostprocessing = 0;
		};
/* End PBXResourcesBuildPhase section */

/* Begin PBXSourcesBuildPhase section */
		55422FE32A2935E500BE1320 /* Sources */ = {
			isa = PBXSourcesBuildPhase;
			buildActionMask = 2147483647;
			files = (
				55422FED2A2935E500BE1320 /* LedgerView.swift in Sources */,
				5542301A2A29A2F700BE1320 /* Account.swift in Sources */,
				554230172A29372D00BE1320 /* LedgerViewModel.swift in Sources */,
				55422FEB2A2935E500BE1320 /* AccountLedgerApp.swift in Sources */,
			);
			runOnlyForDeploymentPostprocessing = 0;
		};
		55422FF32A2935E700BE1320 /* Sources */ = {
			isa = PBXSourcesBuildPhase;
			buildActionMask = 2147483647;
			files = (
				55422FFC2A2935E700BE1320 /* AccountLedgerTests.swift in Sources */,
			);
			runOnlyForDeploymentPostprocessing = 0;
		};
		55422FFD2A2935E700BE1320 /* Sources */ = {
			isa = PBXSourcesBuildPhase;
			buildActionMask = 2147483647;
			files = (
				554230062A2935E700BE1320 /* AccountLedgerUITests.swift in Sources */,
				554230082A2935E700BE1320 /* AccountLedgerUITestsLaunchTests.swift in Sources */,
			);
			runOnlyForDeploymentPostprocessing = 0;
		};
/* End PBXSourcesBuildPhase section */

/* Begin PBXTargetDependency section */
		55422FF92A2935E700BE1320 /* PBXTargetDependency */ = {
			isa = PBXTargetDependency;
			target = 55422FE62A2935E500BE1320 /* AccountLedger */;
			targetProxy = 55422FF82A2935E700BE1320 /* PBXContainerItemProxy */;
		};
		554230032A2935E700BE1320 /* PBXTargetDependency */ = {
			isa = PBXTargetDependency;
			target = 55422FE62A2935E500BE1320 /* AccountLedger */;
			targetProxy = 554230022A2935E700BE1320 /* PBXContainerItemProxy */;
		};
/* End PBXTargetDependency section */

/* Begin XCBuildConfiguration section */
		554230092A2935E700BE1320 /* Debug */ = {
			isa = XCBuildConfiguration;
			buildSettings = {
				ALWAYS_SEARCH_USER_PATHS = NO;
				CLANG_ANALYZER_NONNULL = YES;
				CLANG_ANALYZER_NUMBER_OBJECT_CONVERSION = YES_AGGRESSIVE;
				CLANG_CXX_LANGUAGE_STANDARD = "gnu++20";
				CLANG_ENABLE_MODULES = YES;
				CLANG_ENABLE_OBJC_ARC = YES;
				CLANG_ENABLE_OBJC_WEAK = YES;
				CLANG_WARN_BLOCK_CAPTURE_AUTORELEASING = YES;
				CLANG_WARN_BOOL_CONVERSION = YES;
				CLANG_WARN_COMMA = YES;
				CLANG_WARN_CONSTANT_CONVERSION = YES;
				CLANG_WARN_DEPRECATED_OBJC_IMPLEMENTATIONS = YES;
				CLANG_WARN_DIRECT_OBJC_ISA_USAGE = YES_ERROR;
				CLANG_WARN_DOCUMENTATION_COMMENTS = YES;
				CLANG_WARN_EMPTY_BODY = YES;
				CLANG_WARN_ENUM_CONVERSION = YES;
				CLANG_WARN_INFINITE_RECURSION = YES;
				CLANG_WARN_INT_CONVERSION = YES;
				CLANG_WARN_NON_LITERAL_NULL_CONVERSION = YES;
				CLANG_WARN_OBJC_IMPLICIT_RETAIN_SELF = YES;
				CLANG_WARN_OBJC_LITERAL_CONVERSION = YES;
				CLANG_WARN_OBJC_ROOT_CLASS = YES_ERROR;
				CLANG_WARN_QUOTED_INCLUDE_IN_FRAMEWORK_HEADER = YES;
				CLANG_WARN_RANGE_LOOP_ANALYSIS = YES;
				CLANG_WARN_STRICT_PROTOTYPES = YES;
				CLANG_WARN_SUSPICIOUS_MOVE = YES;
				CLANG_WARN_UNGUARDED_AVAILABILITY = YES_AGGRESSIVE;
				CLANG_WARN_UNREACHABLE_CODE = YES;
				CLANG_WARN__DUPLICATE_METHOD_MATCH = YES;
				COPY_PHASE_STRIP = NO;
				DEBUG_INFORMATION_FORMAT = dwarf;
				ENABLE_STRICT_OBJC_MSGSEND = YES;
				ENABLE_TESTABILITY = YES;
				GCC_C_LANGUAGE_STANDARD = gnu11;
				GCC_DYNAMIC_NO_PIC = NO;
				GCC_NO_COMMON_BLOCKS = YES;
				GCC_OPTIMIZATION_LEVEL = 0;
				GCC_PREPROCESSOR_DEFINITIONS = (
					"DEBUG=1",
					"$(inherited)",
				);
				GCC_WARN_64_TO_32_BIT_CONVERSION = YES;
				GCC_WARN_ABOUT_RETURN_TYPE = YES_ERROR;
				GCC_WARN_UNDECLARED_SELECTOR = YES;
				GCC_WARN_UNINITIALIZED_AUTOS = YES_AGGRESSIVE;
				GCC_WARN_UNUSED_FUNCTION = YES;
				GCC_WARN_UNUSED_VARIABLE = YES;
				IPHONEOS_DEPLOYMENT_TARGET = 16.4;
				MTL_ENABLE_DEBUG_INFO = INCLUDE_SOURCE;
				MTL_FAST_MATH = YES;
				ONLY_ACTIVE_ARCH = YES;
				SDKROOT = iphoneos;
				SWIFT_ACTIVE_COMPILATION_CONDITIONS = DEBUG;
				SWIFT_OPTIMIZATION_LEVEL = "-Onone";
			};
			name = Debug;
		};
		5542300A2A2935E700BE1320 /* Release */ = {
			isa = XCBuildConfiguration;
			buildSettings = {
				ALWAYS_SEARCH_USER_PATHS = NO;
				CLANG_ANALYZER_NONNULL = YES;
				CLANG_ANALYZER_NUMBER_OBJECT_CONVERSION = YES_AGGRESSIVE;
				CLANG_CXX_LANGUAGE_STANDARD = "gnu++20";
				CLANG_ENABLE_MODULES = YES;
				CLANG_ENABLE_OBJC_ARC = YES;
				CLANG_ENABLE_OBJC_WEAK = YES;
				CLANG_WARN_BLOCK_CAPTURE_AUTORELEASING = YES;
				CLANG_WARN_BOOL_CONVERSION = YES;
				CLANG_WARN_COMMA = YES;
				CLANG_WARN_CONSTANT_CONVERSION = YES;
				CLANG_WARN_DEPRECATED_OBJC_IMPLEMENTATIONS = YES;
				CLANG_WARN_DIRECT_OBJC_ISA_USAGE = YES_ERROR;
				CLANG_WARN_DOCUMENTATION_COMMENTS = YES;
				CLANG_WARN_EMPTY_BODY = YES;
				CLANG_WARN_ENUM_CONVERSION = YES;
				CLANG_WARN_INFINITE_RECURSION = YES;
				CLANG_WARN_INT_CONVERSION = YES;
				CLANG_WARN_NON_LITERAL_NULL_CONVERSION = YES;
				CLANG_WARN_OBJC_IMPLICIT_RETAIN_SELF = YES;
				CLANG_WARN_OBJC_LITERAL_CONVERSION = YES;
				CLANG_WARN_OBJC_ROOT_CLASS = YES_ERROR;
				CLANG_WARN_QUOTED_INCLUDE_IN_FRAMEWORK_HEADER = YES;
				CLANG_WARN_RANGE_LOOP_ANALYSIS = YES;
				CLANG_WARN_STRICT_PROTOTYPES = YES;
				CLANG_WARN_SUSPICIOUS_MOVE = YES;
				CLANG_WARN_UNGUARDED_AVAILABILITY = YES_AGGRESSIVE;
				CLANG_WARN_UNREACHABLE_CODE = YES;
				CLANG_WARN__DUPLICATE_METHOD_MATCH = YES;
				COPY_PHASE_STRIP = NO;
				DEBUG_INFORMATION_FORMAT = "dwarf-with-dsym";
				ENABLE_NS_ASSERTIONS = NO;
				ENABLE_STRICT_OBJC_MSGSEND = YES;
				GCC_C_LANGUAGE_STANDARD = gnu11;
				GCC_NO_COMMON_BLOCKS = YES;
				GCC_WARN_64_TO_32_BIT_CONVERSION = YES;
				GCC_WARN_ABOUT_RETURN_TYPE = YES_ERROR;
				GCC_WARN_UNDECLARED_SELECTOR = YES;
				GCC_WARN_UNINITIALIZED_AUTOS = YES_AGGRESSIVE;
				GCC_WARN_UNUSED_FUNCTION = YES;
				GCC_WARN_UNUSED_VARIABLE = YES;
				IPHONEOS_DEPLOYMENT_TARGET = 16.4;
				MTL_ENABLE_DEBUG_INFO = NO;
				MTL_FAST_MATH = YES;
				SDKROOT = iphoneos;
				SWIFT_COMPILATION_MODE = wholemodule;
				SWIFT_OPTIMIZATION_LEVEL = "-O";
				VALIDATE_PRODUCT = YES;
			};
			name = Release;
		};
		5542300C2A2935E700BE1320 /* Debug */ = {
			isa = XCBuildConfiguration;
			buildSettings = {
				ASSETCATALOG_COMPILER_APPICON_NAME = AppIcon;
				ASSETCATALOG_COMPILER_GLOBAL_ACCENT_COLOR_NAME = AccentColor;
				CODE_SIGN_STYLE = Automatic;
				CURRENT_PROJECT_VERSION = 1;
				DEVELOPMENT_ASSET_PATHS = "\"AccountLedger/Preview Content\"";
				DEVELOPMENT_TEAM = P7FYQ2HW53;
				ENABLE_PREVIEWS = YES;
				GENERATE_INFOPLIST_FILE = YES;
				INFOPLIST_KEY_UIApplicationSceneManifest_Generation = YES;
				INFOPLIST_KEY_UIApplicationSupportsIndirectInputEvents = YES;
				INFOPLIST_KEY_UILaunchScreen_Generation = YES;
				INFOPLIST_KEY_UISupportedInterfaceOrientations_iPad = "UIInterfaceOrientationPortrait UIInterfaceOrientationPortraitUpsideDown UIInterfaceOrientationLandscapeLeft UIInterfaceOrientationLandscapeRight";
				INFOPLIST_KEY_UISupportedInterfaceOrientations_iPhone = "UIInterfaceOrientationPortrait UIInterfaceOrientationLandscapeLeft UIInterfaceOrientationLandscapeRight";
				LD_RUNPATH_SEARCH_PATHS = (
					"$(inherited)",
					"@executable_path/Frameworks",
				);
				MARKETING_VERSION = 1.0;
				PRODUCT_BUNDLE_IDENTIFIER = com.Richard.AccountLedger;
				PRODUCT_NAME = "$(TARGET_NAME)";
				SWIFT_EMIT_LOC_STRINGS = YES;
				SWIFT_VERSION = 5.0;
				TARGETED_DEVICE_FAMILY = "1,2";
			};
			name = Debug;
		};
		5542300D2A2935E700BE1320 /* Release */ = {
			isa = XCBuildConfiguration;
			buildSettings = {
				ASSETCATALOG_COMPILER_APPICON_NAME = AppIcon;
				ASSETCATALOG_COMPILER_GLOBAL_ACCENT_COLOR_NAME = AccentColor;
				CODE_SIGN_STYLE = Automatic;
				CURRENT_PROJECT_VERSION = 1;
				DEVELOPMENT_ASSET_PATHS = "\"AccountLedger/Preview Content\"";
				DEVELOPMENT_TEAM = P7FYQ2HW53;
				ENABLE_PREVIEWS = YES;
				GENERATE_INFOPLIST_FILE = YES;
				INFOPLIST_KEY_UIApplicationSceneManifest_Generation = YES;
				INFOPLIST_KEY_UIApplicationSupportsIndirectInputEvents = YES;
				INFOPLIST_KEY_UILaunchScreen_Generation = YES;
				INFOPLIST_KEY_UISupportedInterfaceOrientations_iPad = "UIInterfaceOrientationPortrait UIInterfaceOrientationPortraitUpsideDown UIInterfaceOrientationLandscapeLeft UIInterfaceOrientationLandscapeRight";
				INFOPLIST_KEY_UISupportedInterfaceOrientations_iPhone = "UIInterfaceOrientationPortrait UIInterfaceOrientationLandscapeLeft UIInterfaceOrientationLandscapeRight";
				LD_RUNPATH_SEARCH_PATHS = (
					"$(inherited)",
					"@executable_path/Frameworks",
				);
				MARKETING_VERSION = 1.0;
				PRODUCT_BUNDLE_IDENTIFIER = com.Richard.AccountLedger;
				PRODUCT_NAME = "$(TARGET_NAME)";
				SWIFT_EMIT_LOC_STRINGS = YES;
				SWIFT_VERSION = 5.0;
				TARGETED_DEVICE_FAMILY = "1,2";
			};
			name = Release;
		};
		5542300F2A2935E700BE1320 /* Debug */ = {
			isa = XCBuildConfiguration;
			buildSettings = {
				ALWAYS_EMBED_SWIFT_STANDARD_LIBRARIES = YES;
				BUNDLE_LOADER = "$(TEST_HOST)";
				CODE_SIGN_STYLE = Automatic;
				CURRENT_PROJECT_VERSION = 1;
				DEVELOPMENT_TEAM = P7FYQ2HW53;
				GENERATE_INFOPLIST_FILE = YES;
				IPHONEOS_DEPLOYMENT_TARGET = 16.4;
				MARKETING_VERSION = 1.0;
				PRODUCT_BUNDLE_IDENTIFIER = com.Richard.AccountLedgerTests;
				PRODUCT_NAME = "$(TARGET_NAME)";
				SWIFT_EMIT_LOC_STRINGS = NO;
				SWIFT_VERSION = 5.0;
				TARGETED_DEVICE_FAMILY = "1,2";
				TEST_HOST = "$(BUILT_PRODUCTS_DIR)/AccountLedger.app/$(BUNDLE_EXECUTABLE_FOLDER_PATH)/AccountLedger";
			};
			name = Debug;
		};
		554230102A2935E700BE1320 /* Release */ = {
			isa = XCBuildConfiguration;
			buildSettings = {
				ALWAYS_EMBED_SWIFT_STANDARD_LIBRARIES = YES;
				BUNDLE_LOADER = "$(TEST_HOST)";
				CODE_SIGN_STYLE = Automatic;
				CURRENT_PROJECT_VERSION = 1;
				DEVELOPMENT_TEAM = P7FYQ2HW53;
				GENERATE_INFOPLIST_FILE = YES;
				IPHONEOS_DEPLOYMENT_TARGET = 16.4;
				MARKETING_VERSION = 1.0;
				PRODUCT_BUNDLE_IDENTIFIER = com.Richard.AccountLedgerTests;
				PRODUCT_NAME = "$(TARGET_NAME)";
				SWIFT_EMIT_LOC_STRINGS = NO;
				SWIFT_VERSION = 5.0;
				TARGETED_DEVICE_FAMILY = "1,2";
				TEST_HOST = "$(BUILT_PRODUCTS_DIR)/AccountLedger.app/$(BUNDLE_EXECUTABLE_FOLDER_PATH)/AccountLedger";
			};
			name = Release;
		};
		554230122A2935E700BE1320 /* Debug */ = {
			isa = XCBuildConfiguration;
			buildSettings = {
				ALWAYS_EMBED_SWIFT_STANDARD_LIBRARIES = YES;
				CODE_SIGN_STYLE = Automatic;
				CURRENT_PROJECT_VERSION = 1;
				DEVELOPMENT_TEAM = P7FYQ2HW53;
				GENERATE_INFOPLIST_FILE = YES;
				MARKETING_VERSION = 1.0;
				PRODUCT_BUNDLE_IDENTIFIER = com.Richard.AccountLedgerUITests;
				PRODUCT_NAME = "$(TARGET_NAME)";
				SWIFT_EMIT_LOC_STRINGS = NO;
				SWIFT_VERSION = 5.0;
				TARGETED_DEVICE_FAMILY = "1,2";
				TEST_TARGET_NAME = AccountLedger;
			};
			name = Debug;
		};
		554230132A2935E700BE1320 /* Release */ = {
			isa = XCBuildConfiguration;
			buildSettings = {
				ALWAYS_EMBED_SWIFT_STANDARD_LIBRARIES = YES;
				CODE_SIGN_STYLE = Automatic;
				CURRENT_PROJECT_VERSION = 1;
				DEVELOPMENT_TEAM = P7FYQ2HW53;
				GENERATE_INFOPLIST_FILE = YES;
				MARKETING_VERSION = 1.0;
				PRODUCT_BUNDLE_IDENTIFIER = com.Richard.AccountLedgerUITests;
				PRODUCT_NAME = "$(TARGET_NAME)";
				SWIFT_EMIT_LOC_STRINGS = NO;
				SWIFT_VERSION = 5.0;
				TARGETED_DEVICE_FAMILY = "1,2";
				TEST_TARGET_NAME = AccountLedger;
			};
			name = Release;
		};
/* End XCBuildConfiguration section */

/* Begin XCConfigurationList section */
		55422FE22A2935E500BE1320 /* Build configuration list for PBXProject "AccountLedger" */ = {
			isa = XCConfigurationList;
			buildConfigurations = (
				554230092A2935E700BE1320 /* Debug */,
				5542300A2A2935E700BE1320 /* Release */,
			);
			defaultConfigurationIsVisible = 0;
			defaultConfigurationName = Release;
		};
		5542300B2A2935E700BE1320 /* Build configuration list for PBXNativeTarget "AccountLedger" */ = {
			isa = XCConfigurationList;
			buildConfigurations = (
				5542300C2A2935E700BE1320 /* Debug */,
				5542300D2A2935E700BE1320 /* Release */,
			);
			defaultConfigurationIsVisible = 0;
			defaultConfigurationName = Release;
		};
		5542300E2A2935E700BE1320 /* Build configuration list for PBXNativeTarget "AccountLedgerTests" */ = {
			isa = XCConfigurationList;
			buildConfigurations = (
				5542300F2A2935E700BE1320 /* Debug */,
				554230102A2935E700BE1320 /* Release */,
			);
			defaultConfigurationIsVisible = 0;
			defaultConfigurationName = Release;
		};
		554230112A2935E700BE1320 /* Build configuration list for PBXNativeTarget "AccountLedgerUITests" */ = {
			isa = XCConfigurationList;
			buildConfigurations = (
				554230122A2935E700BE1320 /* Debug */,
				554230132A2935E700BE1320 /* Release */,
			);
			defaultConfigurationIsVisible = 0;
			defaultConfigurationName = Release;
		};
/* End XCConfigurationList section */
	};
	rootObject = 55422FDF2A2935E500BE1320 /* Project object */;
}
