// !$*UTF8*$!
{
	archiveVersion = 1;
	classes = {
	};
	objectVersion = 56;
	objects = {

/* Begin PBXBuildFile section */
		55444DFC2A4E04E400E434AF /* PostAppApp.swift in Sources */ = {isa = PBXBuildFile; fileRef = 55444DFB2A4E04E400E434AF /* PostAppApp.swift */; };
		55444DFE2A4E04E400E434AF /* ContentView.swift in Sources */ = {isa = PBXBuildFile; fileRef = 55444DFD2A4E04E400E434AF /* ContentView.swift */; };
		55444E002A4E04E500E434AF /* Assets.xcassets in Resources */ = {isa = PBXBuildFile; fileRef = 55444DFF2A4E04E500E434AF /* Assets.xcassets */; };
		55444E032A4E04E500E434AF /* Preview Assets.xcassets in Resources */ = {isa = PBXBuildFile; fileRef = 55444E022A4E04E500E434AF /* Preview Assets.xcassets */; };
		55444E0C2A4E052F00E434AF /* PostsService.swift in Sources */ = {isa = PBXBuildFile; fileRef = 55444E0B2A4E052F00E434AF /* PostsService.swift */; };
		55444E0E2A4E05C300E434AF /* Post.swift in Sources */ = {isa = PBXBuildFile; fileRef = 55444E0D2A4E05C300E434AF /* Post.swift */; };
		55444E102A4E0BB600E434AF /* PostsViewModel.swift in Sources */ = {isa = PBXBuildFile; fileRef = 55444E0F2A4E0BB600E434AF /* PostsViewModel.swift */; };
		55444E142A4E237100E434AF /* PostServiceError.swift in Sources */ = {isa = PBXBuildFile; fileRef = 55444E132A4E237100E434AF /* PostServiceError.swift */; };
		55444E1C2A4E33E400E434AF /* PostAppTests.swift in Sources */ = {isa = PBXBuildFile; fileRef = 55444E1B2A4E33E400E434AF /* PostAppTests.swift */; };
		55444E232A4E359600E434AF /* PostViewModelTestCases.swift in Sources */ = {isa = PBXBuildFile; fileRef = 55444E222A4E359600E434AF /* PostViewModelTestCases.swift */; };
/* End PBXBuildFile section */

/* Begin PBXContainerItemProxy section */
		55444E1D2A4E33E400E434AF /* PBXContainerItemProxy */ = {
			isa = PBXContainerItemProxy;
			containerPortal = 55444DF02A4E04E400E434AF /* Project object */;
			proxyType = 1;
			remoteGlobalIDString = 55444DF72A4E04E400E434AF;
			remoteInfo = PostApp;
		};
/* End PBXContainerItemProxy section */

/* Begin PBXFileReference section */
		55444DF82A4E04E400E434AF /* PostApp.app */ = {isa = PBXFileReference; explicitFileType = wrapper.application; includeInIndex = 0; path = PostApp.app; sourceTree = BUILT_PRODUCTS_DIR; };
		55444DFB2A4E04E400E434AF /* PostAppApp.swift */ = {isa = PBXFileReference; lastKnownFileType = sourcecode.swift; path = PostAppApp.swift; sourceTree = "<group>"; };
		55444DFD2A4E04E400E434AF /* ContentView.swift */ = {isa = PBXFileReference; lastKnownFileType = sourcecode.swift; path = ContentView.swift; sourceTree = "<group>"; };
		55444DFF2A4E04E500E434AF /* Assets.xcassets */ = {isa = PBXFileReference; lastKnownFileType = folder.assetcatalog; path = Assets.xcassets; sourceTree = "<group>"; };
		55444E022A4E04E500E434AF /* Preview Assets.xcassets */ = {isa = PBXFileReference; lastKnownFileType = folder.assetcatalog; path = "Preview Assets.xcassets"; sourceTree = "<group>"; };
		55444E0B2A4E052F00E434AF /* PostsService.swift */ = {isa = PBXFileReference; lastKnownFileType = sourcecode.swift; path = PostsService.swift; sourceTree = "<group>"; };
		55444E0D2A4E05C300E434AF /* Post.swift */ = {isa = PBXFileReference; lastKnownFileType = sourcecode.swift; path = Post.swift; sourceTree = "<group>"; };
		55444E0F2A4E0BB600E434AF /* PostsViewModel.swift */ = {isa = PBXFileReference; lastKnownFileType = sourcecode.swift; path = PostsViewModel.swift; sourceTree = "<group>"; };
		55444E132A4E237100E434AF /* PostServiceError.swift */ = {isa = PBXFileReference; lastKnownFileType = sourcecode.swift; path = PostServiceError.swift; sourceTree = "<group>"; };
		55444E192A4E33E400E434AF /* PostAppTests.xctest */ = {isa = PBXFileReference; explicitFileType = wrapper.cfbundle; includeInIndex = 0; path = PostAppTests.xctest; sourceTree = BUILT_PRODUCTS_DIR; };
		55444E1B2A4E33E400E434AF /* PostAppTests.swift */ = {isa = PBXFileReference; lastKnownFileType = sourcecode.swift; path = PostAppTests.swift; sourceTree = "<group>"; };
		55444E222A4E359600E434AF /* PostViewModelTestCases.swift */ = {isa = PBXFileReference; lastKnownFileType = sourcecode.swift; path = PostViewModelTestCases.swift; sourceTree = "<group>"; };
/* End PBXFileReference section */

/* Begin PBXFrameworksBuildPhase section */
		55444DF52A4E04E400E434AF /* Frameworks */ = {
			isa = PBXFrameworksBuildPhase;
			buildActionMask = 2147483647;
			files = (
			);
			runOnlyForDeploymentPostprocessing = 0;
		};
		55444E162A4E33E400E434AF /* Frameworks */ = {
			isa = PBXFrameworksBuildPhase;
			buildActionMask = 2147483647;
			files = (
			);
			runOnlyForDeploymentPostprocessing = 0;
		};
/* End PBXFrameworksBuildPhase section */

/* Begin PBXGroup section */
		55444DEF2A4E04E400E434AF = {
			isa = PBXGroup;
			children = (
				55444DFA2A4E04E400E434AF /* PostApp */,
				55444E1A2A4E33E400E434AF /* PostAppTests */,
				55444DF92A4E04E400E434AF /* Products */,
			);
			sourceTree = "<group>";
		};
		55444DF92A4E04E400E434AF /* Products */ = {
			isa = PBXGroup;
			children = (
				55444DF82A4E04E400E434AF /* PostApp.app */,
				55444E192A4E33E400E434AF /* PostAppTests.xctest */,
			);
			name = Products;
			sourceTree = "<group>";
		};
		55444DFA2A4E04E400E434AF /* PostApp */ = {
			isa = PBXGroup;
			children = (
				55444E112A4E0BC100E434AF /* ViewModels */,
				55444E0A2A4E051300E434AF /* Services */,
				55444E092A4E050800E434AF /* Models */,
				55444DFB2A4E04E400E434AF /* PostAppApp.swift */,
				55444DFD2A4E04E400E434AF /* ContentView.swift */,
				55444DFF2A4E04E500E434AF /* Assets.xcassets */,
				55444E012A4E04E500E434AF /* Preview Content */,
			);
			path = PostApp;
			sourceTree = "<group>";
		};
		55444E012A4E04E500E434AF /* Preview Content */ = {
			isa = PBXGroup;
			children = (
				55444E022A4E04E500E434AF /* Preview Assets.xcassets */,
			);
			path = "Preview Content";
			sourceTree = "<group>";
		};
		55444E092A4E050800E434AF /* Models */ = {
			isa = PBXGroup;
			children = (
				55444E122A4E235600E434AF /* Enums */,
				55444E0D2A4E05C300E434AF /* Post.swift */,
			);
			path = Models;
			sourceTree = "<group>";
		};
		55444E0A2A4E051300E434AF /* Services */ = {
			isa = PBXGroup;
			children = (
				55444E0B2A4E052F00E434AF /* PostsService.swift */,
			);
			path = Services;
			sourceTree = "<group>";
		};
		55444E112A4E0BC100E434AF /* ViewModels */ = {
			isa = PBXGroup;
			children = (
				55444E0F2A4E0BB600E434AF /* PostsViewModel.swift */,
			);
			path = ViewModels;
			sourceTree = "<group>";
		};
		55444E122A4E235600E434AF /* Enums */ = {
			isa = PBXGroup;
			children = (
				55444E132A4E237100E434AF /* PostServiceError.swift */,
			);
			path = Enums;
			sourceTree = "<group>";
		};
		55444E1A2A4E33E400E434AF /* PostAppTests */ = {
			isa = PBXGroup;
			children = (
				55444E1B2A4E33E400E434AF /* PostAppTests.swift */,
				55444E222A4E359600E434AF /* PostViewModelTestCases.swift */,
			);
			path = PostAppTests;
			sourceTree = "<group>";
		};
/* End PBXGroup section */

/* Begin PBXNativeTarget section */
		55444DF72A4E04E400E434AF /* PostApp */ = {
			isa = PBXNativeTarget;
			buildConfigurationList = 55444E062A4E04E500E434AF /* Build configuration list for PBXNativeTarget "PostApp" */;
			buildPhases = (
				55444DF42A4E04E400E434AF /* Sources */,
				55444DF52A4E04E400E434AF /* Frameworks */,
				55444DF62A4E04E400E434AF /* Resources */,
			);
			buildRules = (
			);
			dependencies = (
			);
			name = PostApp;
			productName = PostApp;
			productReference = 55444DF82A4E04E400E434AF /* PostApp.app */;
			productType = "com.apple.product-type.application";
		};
		55444E182A4E33E400E434AF /* PostAppTests */ = {
			isa = PBXNativeTarget;
			buildConfigurationList = 55444E1F2A4E33E400E434AF /* Build configuration list for PBXNativeTarget "PostAppTests" */;
			buildPhases = (
				55444E152A4E33E400E434AF /* Sources */,
				55444E162A4E33E400E434AF /* Frameworks */,
				55444E172A4E33E400E434AF /* Resources */,
			);
			buildRules = (
			);
			dependencies = (
				55444E1E2A4E33E400E434AF /* PBXTargetDependency */,
			);
			name = PostAppTests;
			productName = PostAppTests;
			productReference = 55444E192A4E33E400E434AF /* PostAppTests.xctest */;
			productType = "com.apple.product-type.bundle.unit-test";
		};
/* End PBXNativeTarget section */

/* Begin PBXProject section */
		55444DF02A4E04E400E434AF /* Project object */ = {
			isa = PBXProject;
			attributes = {
				BuildIndependentTargetsInParallel = 1;
				LastSwiftUpdateCheck = 1430;
				LastUpgradeCheck = 1430;
				TargetAttributes = {
					55444DF72A4E04E400E434AF = {
						CreatedOnToolsVersion = 14.3.1;
					};
					55444E182A4E33E400E434AF = {
						CreatedOnToolsVersion = 14.3.1;
						TestTargetID = 55444DF72A4E04E400E434AF;
					};
				};
			};
			buildConfigurationList = 55444DF32A4E04E400E434AF /* Build configuration list for PBXProject "PostApp" */;
			compatibilityVersion = "Xcode 14.0";
			developmentRegion = en;
			hasScannedForEncodings = 0;
			knownRegions = (
				en,
				Base,
			);
			mainGroup = 55444DEF2A4E04E400E434AF;
			productRefGroup = 55444DF92A4E04E400E434AF /* Products */;
			projectDirPath = "";
			projectRoot = "";
			targets = (
				55444DF72A4E04E400E434AF /* PostApp */,
				55444E182A4E33E400E434AF /* PostAppTests */,
			);
		};
/* End PBXProject section */

/* Begin PBXResourcesBuildPhase section */
		55444DF62A4E04E400E434AF /* Resources */ = {
			isa = PBXResourcesBuildPhase;
			buildActionMask = 2147483647;
			files = (
				55444E032A4E04E500E434AF /* Preview Assets.xcassets in Resources */,
				55444E002A4E04E500E434AF /* Assets.xcassets in Resources */,
			);
			runOnlyForDeploymentPostprocessing = 0;
		};
		55444E172A4E33E400E434AF /* Resources */ = {
			isa = PBXResourcesBuildPhase;
			buildActionMask = 2147483647;
			files = (
			);
			runOnlyForDeploymentPostprocessing = 0;
		};
/* End PBXResourcesBuildPhase section */

/* Begin PBXSourcesBuildPhase section */
		55444DF42A4E04E400E434AF /* Sources */ = {
			isa = PBXSourcesBuildPhase;
			buildActionMask = 2147483647;
			files = (
				55444E142A4E237100E434AF /* PostServiceError.swift in Sources */,
				55444DFE2A4E04E400E434AF /* ContentView.swift in Sources */,
				55444E102A4E0BB600E434AF /* PostsViewModel.swift in Sources */,
				55444DFC2A4E04E400E434AF /* PostAppApp.swift in Sources */,
				55444E0C2A4E052F00E434AF /* PostsService.swift in Sources */,
				55444E0E2A4E05C300E434AF /* Post.swift in Sources */,
			);
			runOnlyForDeploymentPostprocessing = 0;
		};
		55444E152A4E33E400E434AF /* Sources */ = {
			isa = PBXSourcesBuildPhase;
			buildActionMask = 2147483647;
			files = (
				55444E232A4E359600E434AF /* PostViewModelTestCases.swift in Sources */,
				55444E1C2A4E33E400E434AF /* PostAppTests.swift in Sources */,
			);
			runOnlyForDeploymentPostprocessing = 0;
		};
/* End PBXSourcesBuildPhase section */

/* Begin PBXTargetDependency section */
		55444E1E2A4E33E400E434AF /* PBXTargetDependency */ = {
			isa = PBXTargetDependency;
			target = 55444DF72A4E04E400E434AF /* PostApp */;
			targetProxy = 55444E1D2A4E33E400E434AF /* PBXContainerItemProxy */;
		};
/* End PBXTargetDependency section */

/* Begin XCBuildConfiguration section */
		55444E042A4E04E500E434AF /* Debug */ = {
			isa = XCBuildConfiguration;
			buildSettings = {
				ALWAYS_SEARCH_USER_PATHS = NO;
				CLANG_ANALYZER_NONNULL = YES;
				CLANG_ANALYZER_NUMBER_OBJECT_CONVERSION = YES_AGGRESSIVE;
				CLANG_CXX_LANGUAGE_STANDARD = "gnu++20";
				CLANG_ENABLE_MODULES = YES;
				CLANG_ENABLE_OBJC_ARC = YES;
				CLANG_ENABLE_OBJC_WEAK = YES;
				CLANG_WARN_BLOCK_CAPTURE_AUTORELEASING = YES;
				CLANG_WARN_BOOL_CONVERSION = YES;
				CLANG_WARN_COMMA = YES;
				CLANG_WARN_CONSTANT_CONVERSION = YES;
				CLANG_WARN_DEPRECATED_OBJC_IMPLEMENTATIONS = YES;
				CLANG_WARN_DIRECT_OBJC_ISA_USAGE = YES_ERROR;
				CLANG_WARN_DOCUMENTATION_COMMENTS = YES;
				CLANG_WARN_EMPTY_BODY = YES;
				CLANG_WARN_ENUM_CONVERSION = YES;
				CLANG_WARN_INFINITE_RECURSION = YES;
				CLANG_WARN_INT_CONVERSION = YES;
				CLANG_WARN_NON_LITERAL_NULL_CONVERSION = YES;
				CLANG_WARN_OBJC_IMPLICIT_RETAIN_SELF = YES;
				CLANG_WARN_OBJC_LITERAL_CONVERSION = YES;
				CLANG_WARN_OBJC_ROOT_CLASS = YES_ERROR;
				CLANG_WARN_QUOTED_INCLUDE_IN_FRAMEWORK_HEADER = YES;
				CLANG_WARN_RANGE_LOOP_ANALYSIS = YES;
				CLANG_WARN_STRICT_PROTOTYPES = YES;
				CLANG_WARN_SUSPICIOUS_MOVE = YES;
				CLANG_WARN_UNGUARDED_AVAILABILITY = YES_AGGRESSIVE;
				CLANG_WARN_UNREACHABLE_CODE = YES;
				CLANG_WARN__DUPLICATE_METHOD_MATCH = YES;
				COPY_PHASE_STRIP = NO;
				DEBUG_INFORMATION_FORMAT = dwarf;
				ENABLE_STRICT_OBJC_MSGSEND = YES;
				ENABLE_TESTABILITY = YES;
				GCC_C_LANGUAGE_STANDARD = gnu11;
				GCC_DYNAMIC_NO_PIC = NO;
				GCC_NO_COMMON_BLOCKS = YES;
				GCC_OPTIMIZATION_LEVEL = 0;
				GCC_PREPROCESSOR_DEFINITIONS = (
					"DEBUG=1",
					"$(inherited)",
				);
				GCC_WARN_64_TO_32_BIT_CONVERSION = YES;
				GCC_WARN_ABOUT_RETURN_TYPE = YES_ERROR;
				GCC_WARN_UNDECLARED_SELECTOR = YES;
				GCC_WARN_UNINITIALIZED_AUTOS = YES_AGGRESSIVE;
				GCC_WARN_UNUSED_FUNCTION = YES;
				GCC_WARN_UNUSED_VARIABLE = YES;
				IPHONEOS_DEPLOYMENT_TARGET = 16.4;
				MTL_ENABLE_DEBUG_INFO = INCLUDE_SOURCE;
				MTL_FAST_MATH = YES;
				ONLY_ACTIVE_ARCH = YES;
				SDKROOT = iphoneos;
				SWIFT_ACTIVE_COMPILATION_CONDITIONS = DEBUG;
				SWIFT_OPTIMIZATION_LEVEL = "-Onone";
			};
			name = Debug;
		};
		55444E052A4E04E500E434AF /* Release */ = {
			isa = XCBuildConfiguration;
			buildSettings = {
				ALWAYS_SEARCH_USER_PATHS = NO;
				CLANG_ANALYZER_NONNULL = YES;
				CLANG_ANALYZER_NUMBER_OBJECT_CONVERSION = YES_AGGRESSIVE;
				CLANG_CXX_LANGUAGE_STANDARD = "gnu++20";
				CLANG_ENABLE_MODULES = YES;
				CLANG_ENABLE_OBJC_ARC = YES;
				CLANG_ENABLE_OBJC_WEAK = YES;
				CLANG_WARN_BLOCK_CAPTURE_AUTORELEASING = YES;
				CLANG_WARN_BOOL_CONVERSION = YES;
				CLANG_WARN_COMMA = YES;
				CLANG_WARN_CONSTANT_CONVERSION = YES;
				CLANG_WARN_DEPRECATED_OBJC_IMPLEMENTATIONS = YES;
				CLANG_WARN_DIRECT_OBJC_ISA_USAGE = YES_ERROR;
				CLANG_WARN_DOCUMENTATION_COMMENTS = YES;
				CLANG_WARN_EMPTY_BODY = YES;
				CLANG_WARN_ENUM_CONVERSION = YES;
				CLANG_WARN_INFINITE_RECURSION = YES;
				CLANG_WARN_INT_CONVERSION = YES;
				CLANG_WARN_NON_LITERAL_NULL_CONVERSION = YES;
				CLANG_WARN_OBJC_IMPLICIT_RETAIN_SELF = YES;
				CLANG_WARN_OBJC_LITERAL_CONVERSION = YES;
				CLANG_WARN_OBJC_ROOT_CLASS = YES_ERROR;
				CLANG_WARN_QUOTED_INCLUDE_IN_FRAMEWORK_HEADER = YES;
				CLANG_WARN_RANGE_LOOP_ANALYSIS = YES;
				CLANG_WARN_STRICT_PROTOTYPES = YES;
				CLANG_WARN_SUSPICIOUS_MOVE = YES;
				CLANG_WARN_UNGUARDED_AVAILABILITY = YES_AGGRESSIVE;
				CLANG_WARN_UNREACHABLE_CODE = YES;
				CLANG_WARN__DUPLICATE_METHOD_MATCH = YES;
				COPY_PHASE_STRIP = NO;
				DEBUG_INFORMATION_FORMAT = "dwarf-with-dsym";
				ENABLE_NS_ASSERTIONS = NO;
				ENABLE_STRICT_OBJC_MSGSEND = YES;
				GCC_C_LANGUAGE_STANDARD = gnu11;
				GCC_NO_COMMON_BLOCKS = YES;
				GCC_WARN_64_TO_32_BIT_CONVERSION = YES;
				GCC_WARN_ABOUT_RETURN_TYPE = YES_ERROR;
				GCC_WARN_UNDECLARED_SELECTOR = YES;
				GCC_WARN_UNINITIALIZED_AUTOS = YES_AGGRESSIVE;
				GCC_WARN_UNUSED_FUNCTION = YES;
				GCC_WARN_UNUSED_VARIABLE = YES;
				IPHONEOS_DEPLOYMENT_TARGET = 16.4;
				MTL_ENABLE_DEBUG_INFO = NO;
				MTL_FAST_MATH = YES;
				SDKROOT = iphoneos;
				SWIFT_COMPILATION_MODE = wholemodule;
				SWIFT_OPTIMIZATION_LEVEL = "-O";
				VALIDATE_PRODUCT = YES;
			};
			name = Release;
		};
		55444E072A4E04E500E434AF /* Debug */ = {
			isa = XCBuildConfiguration;
			buildSettings = {
				ASSETCATALOG_COMPILER_APPICON_NAME = AppIcon;
				ASSETCATALOG_COMPILER_GLOBAL_ACCENT_COLOR_NAME = AccentColor;
				CODE_SIGN_STYLE = Automatic;
				CURRENT_PROJECT_VERSION = 1;
				DEVELOPMENT_ASSET_PATHS = "\"PostApp/Preview Content\"";
				DEVELOPMENT_TEAM = P7FYQ2HW53;
				ENABLE_PREVIEWS = YES;
				GENERATE_INFOPLIST_FILE = YES;
				INFOPLIST_KEY_UIApplicationSceneManifest_Generation = YES;
				INFOPLIST_KEY_UIApplicationSupportsIndirectInputEvents = YES;
				INFOPLIST_KEY_UILaunchScreen_Generation = YES;
				INFOPLIST_KEY_UISupportedInterfaceOrientations_iPad = "UIInterfaceOrientationPortrait UIInterfaceOrientationPortraitUpsideDown UIInterfaceOrientationLandscapeLeft UIInterfaceOrientationLandscapeRight";
				INFOPLIST_KEY_UISupportedInterfaceOrientations_iPhone = "UIInterfaceOrientationPortrait UIInterfaceOrientationLandscapeLeft UIInterfaceOrientationLandscapeRight";
				LD_RUNPATH_SEARCH_PATHS = (
					"$(inherited)",
					"@executable_path/Frameworks",
				);
				MARKETING_VERSION = 1.0;
				PRODUCT_BUNDLE_IDENTIFIER = com.Richard.PostApp;
				PRODUCT_NAME = "$(TARGET_NAME)";
				SWIFT_EMIT_LOC_STRINGS = YES;
				SWIFT_VERSION = 5.0;
				TARGETED_DEVICE_FAMILY = "1,2";
			};
			name = Debug;
		};
		55444E082A4E04E500E434AF /* Release */ = {
			isa = XCBuildConfiguration;
			buildSettings = {
				ASSETCATALOG_COMPILER_APPICON_NAME = AppIcon;
				ASSETCATALOG_COMPILER_GLOBAL_ACCENT_COLOR_NAME = AccentColor;
				CODE_SIGN_STYLE = Automatic;
				CURRENT_PROJECT_VERSION = 1;
				DEVELOPMENT_ASSET_PATHS = "\"PostApp/Preview Content\"";
				DEVELOPMENT_TEAM = P7FYQ2HW53;
				ENABLE_PREVIEWS = YES;
				GENERATE_INFOPLIST_FILE = YES;
				INFOPLIST_KEY_UIApplicationSceneManifest_Generation = YES;
				INFOPLIST_KEY_UIApplicationSupportsIndirectInputEvents = YES;
				INFOPLIST_KEY_UILaunchScreen_Generation = YES;
				INFOPLIST_KEY_UISupportedInterfaceOrientations_iPad = "UIInterfaceOrientationPortrait UIInterfaceOrientationPortraitUpsideDown UIInterfaceOrientationLandscapeLeft UIInterfaceOrientationLandscapeRight";
				INFOPLIST_KEY_UISupportedInterfaceOrientations_iPhone = "UIInterfaceOrientationPortrait UIInterfaceOrientationLandscapeLeft UIInterfaceOrientationLandscapeRight";
				LD_RUNPATH_SEARCH_PATHS = (
					"$(inherited)",
					"@executable_path/Frameworks",
				);
				MARKETING_VERSION = 1.0;
				PRODUCT_BUNDLE_IDENTIFIER = com.Richard.PostApp;
				PRODUCT_NAME = "$(TARGET_NAME)";
				SWIFT_EMIT_LOC_STRINGS = YES;
				SWIFT_VERSION = 5.0;
				TARGETED_DEVICE_FAMILY = "1,2";
			};
			name = Release;
		};
		55444E202A4E33E400E434AF /* Debug */ = {
			isa = XCBuildConfiguration;
			buildSettings = {
				BUNDLE_LOADER = "$(TEST_HOST)";
				CODE_SIGN_STYLE = Automatic;
				CURRENT_PROJECT_VERSION = 1;
				DEVELOPMENT_TEAM = P7FYQ2HW53;
				GENERATE_INFOPLIST_FILE = YES;
				MARKETING_VERSION = 1.0;
				PRODUCT_BUNDLE_IDENTIFIER = com.Richard.PostAppTests;
				PRODUCT_NAME = "$(TARGET_NAME)";
				SWIFT_EMIT_LOC_STRINGS = NO;
				SWIFT_VERSION = 5.0;
				TARGETED_DEVICE_FAMILY = "1,2";
				TEST_HOST = "$(BUILT_PRODUCTS_DIR)/PostApp.app/$(BUNDLE_EXECUTABLE_FOLDER_PATH)/PostApp";
			};
			name = Debug;
		};
		55444E212A4E33E400E434AF /* Release */ = {
			isa = XCBuildConfiguration;
			buildSettings = {
				BUNDLE_LOADER = "$(TEST_HOST)";
				CODE_SIGN_STYLE = Automatic;
				CURRENT_PROJECT_VERSION = 1;
				DEVELOPMENT_TEAM = P7FYQ2HW53;
				GENERATE_INFOPLIST_FILE = YES;
				MARKETING_VERSION = 1.0;
				PRODUCT_BUNDLE_IDENTIFIER = com.Richard.PostAppTests;
				PRODUCT_NAME = "$(TARGET_NAME)";
				SWIFT_EMIT_LOC_STRINGS = NO;
				SWIFT_VERSION = 5.0;
				TARGETED_DEVICE_FAMILY = "1,2";
				TEST_HOST = "$(BUILT_PRODUCTS_DIR)/PostApp.app/$(BUNDLE_EXECUTABLE_FOLDER_PATH)/PostApp";
			};
			name = Release;
		};
/* End XCBuildConfiguration section */

/* Begin XCConfigurationList section */
		55444DF32A4E04E400E434AF /* Build configuration list for PBXProject "PostApp" */ = {
			isa = XCConfigurationList;
			buildConfigurations = (
				55444E042A4E04E500E434AF /* Debug */,
				55444E052A4E04E500E434AF /* Release */,
			);
			defaultConfigurationIsVisible = 0;
			defaultConfigurationName = Release;
		};
		55444E062A4E04E500E434AF /* Build configuration list for PBXNativeTarget "PostApp" */ = {
			isa = XCConfigurationList;
			buildConfigurations = (
				55444E072A4E04E500E434AF /* Debug */,
				55444E082A4E04E500E434AF /* Release */,
			);
			defaultConfigurationIsVisible = 0;
			defaultConfigurationName = Release;
		};
		55444E1F2A4E33E400E434AF /* Build configuration list for PBXNativeTarget "PostAppTests" */ = {
			isa = XCConfigurationList;
			buildConfigurations = (
				55444E202A4E33E400E434AF /* Debug */,
				55444E212A4E33E400E434AF /* Release */,
			);
			defaultConfigurationIsVisible = 0;
			defaultConfigurationName = Release;
		};
/* End XCConfigurationList section */
	};
	rootObject = 55444DF02A4E04E400E434AF /* Project object */;
}
