// !$*UTF8*$!
{
	archiveVersion = 1;
	classes = {
	};
	objectVersion = 56;
	objects = {

/* Begin PBXBuildFile section */
		55D1C53F29ABE509008FFD75 /* Spider_ManMoviesCatalogApp.swift in Sources */ = {isa = PBXBuildFile; fileRef = 55D1C53E29ABE509008FFD75 /* Spider_ManMoviesCatalogApp.swift */; };
		55D1C54129ABE509008FFD75 /* ContentView.swift in Sources */ = {isa = PBXBuildFile; fileRef = 55D1C54029ABE509008FFD75 /* ContentView.swift */; };
		55D1C54329ABE50B008FFD75 /* Assets.xcassets in Resources */ = {isa = PBXBuildFile; fileRef = 55D1C54229ABE50B008FFD75 /* Assets.xcassets */; };
		55D1C54629ABE50B008FFD75 /* Preview Assets.xcassets in Resources */ = {isa = PBXBuildFile; fileRef = 55D1C54529ABE50B008FFD75 /* Preview Assets.xcassets */; };
		55D1C55029ABE50B008FFD75 /* Spider_ManMoviesCatalogTests.swift in Sources */ = {isa = PBXBuildFile; fileRef = 55D1C54F29ABE50B008FFD75 /* Spider_ManMoviesCatalogTests.swift */; };
		55D1C55A29ABE50B008FFD75 /* Spider_ManMoviesCatalogUITests.swift in Sources */ = {isa = PBXBuildFile; fileRef = 55D1C55929ABE50B008FFD75 /* Spider_ManMoviesCatalogUITests.swift */; };
		55D1C55C29ABE50B008FFD75 /* Spider_ManMoviesCatalogUITestsLaunchTests.swift in Sources */ = {isa = PBXBuildFile; fileRef = 55D1C55B29ABE50B008FFD75 /* Spider_ManMoviesCatalogUITestsLaunchTests.swift */; };
		55D1C56B29ABE56A008FFD75 /* Movie.swift in Sources */ = {isa = PBXBuildFile; fileRef = 55D1C56A29ABE56A008FFD75 /* Movie.swift */; };
		55D1C56E29ABE6A8008FFD75 /* MainViewModel.swift in Sources */ = {isa = PBXBuildFile; fileRef = 55D1C56D29ABE6A8008FFD75 /* MainViewModel.swift */; };
		55D1C57029ABE70D008FFD75 /* MovieManager.swift in Sources */ = {isa = PBXBuildFile; fileRef = 55D1C56F29ABE70D008FFD75 /* MovieManager.swift */; };
		55D1C57429ABEAFB008FFD75 /* MovieDetailsView.swift in Sources */ = {isa = PBXBuildFile; fileRef = 55D1C57329ABEAFB008FFD75 /* MovieDetailsView.swift */; };
/* End PBXBuildFile section */

/* Begin PBXContainerItemProxy section */
		55D1C54C29ABE50B008FFD75 /* PBXContainerItemProxy */ = {
			isa = PBXContainerItemProxy;
			containerPortal = 55D1C53329ABE509008FFD75 /* Project object */;
			proxyType = 1;
			remoteGlobalIDString = 55D1C53A29ABE509008FFD75;
			remoteInfo = "Spider-ManMoviesCatalog";
		};
		55D1C55629ABE50B008FFD75 /* PBXContainerItemProxy */ = {
			isa = PBXContainerItemProxy;
			containerPortal = 55D1C53329ABE509008FFD75 /* Project object */;
			proxyType = 1;
			remoteGlobalIDString = 55D1C53A29ABE509008FFD75;
			remoteInfo = "Spider-ManMoviesCatalog";
		};
/* End PBXContainerItemProxy section */

/* Begin PBXFileReference section */
		55D1C53B29ABE509008FFD75 /* Spider-ManMoviesCatalog.app */ = {isa = PBXFileReference; explicitFileType = wrapper.application; includeInIndex = 0; path = "Spider-ManMoviesCatalog.app"; sourceTree = BUILT_PRODUCTS_DIR; };
		55D1C53E29ABE509008FFD75 /* Spider_ManMoviesCatalogApp.swift */ = {isa = PBXFileReference; lastKnownFileType = sourcecode.swift; path = Spider_ManMoviesCatalogApp.swift; sourceTree = "<group>"; };
		55D1C54029ABE509008FFD75 /* ContentView.swift */ = {isa = PBXFileReference; lastKnownFileType = sourcecode.swift; path = ContentView.swift; sourceTree = "<group>"; };
		55D1C54229ABE50B008FFD75 /* Assets.xcassets */ = {isa = PBXFileReference; lastKnownFileType = folder.assetcatalog; path = Assets.xcassets; sourceTree = "<group>"; };
		55D1C54529ABE50B008FFD75 /* Preview Assets.xcassets */ = {isa = PBXFileReference; lastKnownFileType = folder.assetcatalog; path = "Preview Assets.xcassets"; sourceTree = "<group>"; };
		55D1C54B29ABE50B008FFD75 /* Spider-ManMoviesCatalogTests.xctest */ = {isa = PBXFileReference; explicitFileType = wrapper.cfbundle; includeInIndex = 0; path = "Spider-ManMoviesCatalogTests.xctest"; sourceTree = BUILT_PRODUCTS_DIR; };
		55D1C54F29ABE50B008FFD75 /* Spider_ManMoviesCatalogTests.swift */ = {isa = PBXFileReference; lastKnownFileType = sourcecode.swift; path = Spider_ManMoviesCatalogTests.swift; sourceTree = "<group>"; };
		55D1C55529ABE50B008FFD75 /* Spider-ManMoviesCatalogUITests.xctest */ = {isa = PBXFileReference; explicitFileType = wrapper.cfbundle; includeInIndex = 0; path = "Spider-ManMoviesCatalogUITests.xctest"; sourceTree = BUILT_PRODUCTS_DIR; };
		55D1C55929ABE50B008FFD75 /* Spider_ManMoviesCatalogUITests.swift */ = {isa = PBXFileReference; lastKnownFileType = sourcecode.swift; path = Spider_ManMoviesCatalogUITests.swift; sourceTree = "<group>"; };
		55D1C55B29ABE50B008FFD75 /* Spider_ManMoviesCatalogUITestsLaunchTests.swift */ = {isa = PBXFileReference; lastKnownFileType = sourcecode.swift; path = Spider_ManMoviesCatalogUITestsLaunchTests.swift; sourceTree = "<group>"; };
		55D1C56A29ABE56A008FFD75 /* Movie.swift */ = {isa = PBXFileReference; lastKnownFileType = sourcecode.swift; path = Movie.swift; sourceTree = "<group>"; };
		55D1C56D29ABE6A8008FFD75 /* MainViewModel.swift */ = {isa = PBXFileReference; lastKnownFileType = sourcecode.swift; path = MainViewModel.swift; sourceTree = "<group>"; };
		55D1C56F29ABE70D008FFD75 /* MovieManager.swift */ = {isa = PBXFileReference; lastKnownFileType = sourcecode.swift; path = MovieManager.swift; sourceTree = "<group>"; };
		55D1C57329ABEAFB008FFD75 /* MovieDetailsView.swift */ = {isa = PBXFileReference; lastKnownFileType = sourcecode.swift; path = MovieDetailsView.swift; sourceTree = "<group>"; };
/* End PBXFileReference section */

/* Begin PBXFrameworksBuildPhase section */
		55D1C53829ABE509008FFD75 /* Frameworks */ = {
			isa = PBXFrameworksBuildPhase;
			buildActionMask = 2147483647;
			files = (
			);
			runOnlyForDeploymentPostprocessing = 0;
		};
		55D1C54829ABE50B008FFD75 /* Frameworks */ = {
			isa = PBXFrameworksBuildPhase;
			buildActionMask = 2147483647;
			files = (
			);
			runOnlyForDeploymentPostprocessing = 0;
		};
		55D1C55229ABE50B008FFD75 /* Frameworks */ = {
			isa = PBXFrameworksBuildPhase;
			buildActionMask = 2147483647;
			files = (
			);
			runOnlyForDeploymentPostprocessing = 0;
		};
/* End PBXFrameworksBuildPhase section */

/* Begin PBXGroup section */
		55D1C53229ABE509008FFD75 = {
			isa = PBXGroup;
			children = (
				55D1C53D29ABE509008FFD75 /* Spider-ManMoviesCatalog */,
				55D1C54E29ABE50B008FFD75 /* Spider-ManMoviesCatalogTests */,
				55D1C55829ABE50B008FFD75 /* Spider-ManMoviesCatalogUITests */,
				55D1C53C29ABE509008FFD75 /* Products */,
			);
			sourceTree = "<group>";
		};
		55D1C53C29ABE509008FFD75 /* Products */ = {
			isa = PBXGroup;
			children = (
				55D1C53B29ABE509008FFD75 /* Spider-ManMoviesCatalog.app */,
				55D1C54B29ABE50B008FFD75 /* Spider-ManMoviesCatalogTests.xctest */,
				55D1C55529ABE50B008FFD75 /* Spider-ManMoviesCatalogUITests.xctest */,
			);
			name = Products;
			sourceTree = "<group>";
		};
		55D1C53D29ABE509008FFD75 /* Spider-ManMoviesCatalog */ = {
			isa = PBXGroup;
			children = (
				55D1C56C29ABE5AB008FFD75 /* ViewModels */,
				55D1C56929ABE53D008FFD75 /* Models */,
				55D1C56829ABE531008FFD75 /* Views */,
				55D1C53E29ABE509008FFD75 /* Spider_ManMoviesCatalogApp.swift */,
				55D1C54229ABE50B008FFD75 /* Assets.xcassets */,
				55D1C54429ABE50B008FFD75 /* Preview Content */,
				55D1C56F29ABE70D008FFD75 /* MovieManager.swift */,
			);
			path = "Spider-ManMoviesCatalog";
			sourceTree = "<group>";
		};
		55D1C54429ABE50B008FFD75 /* Preview Content */ = {
			isa = PBXGroup;
			children = (
				55D1C54529ABE50B008FFD75 /* Preview Assets.xcassets */,
			);
			path = "Preview Content";
			sourceTree = "<group>";
		};
		55D1C54E29ABE50B008FFD75 /* Spider-ManMoviesCatalogTests */ = {
			isa = PBXGroup;
			children = (
				55D1C54F29ABE50B008FFD75 /* Spider_ManMoviesCatalogTests.swift */,
			);
			path = "Spider-ManMoviesCatalogTests";
			sourceTree = "<group>";
		};
		55D1C55829ABE50B008FFD75 /* Spider-ManMoviesCatalogUITests */ = {
			isa = PBXGroup;
			children = (
				55D1C55929ABE50B008FFD75 /* Spider_ManMoviesCatalogUITests.swift */,
				55D1C55B29ABE50B008FFD75 /* Spider_ManMoviesCatalogUITestsLaunchTests.swift */,
			);
			path = "Spider-ManMoviesCatalogUITests";
			sourceTree = "<group>";
		};
		55D1C56829ABE531008FFD75 /* Views */ = {
			isa = PBXGroup;
			children = (
				55D1C54029ABE509008FFD75 /* ContentView.swift */,
				55D1C57329ABEAFB008FFD75 /* MovieDetailsView.swift */,
			);
			path = Views;
			sourceTree = "<group>";
		};
		55D1C56929ABE53D008FFD75 /* Models */ = {
			isa = PBXGroup;
			children = (
				55D1C56A29ABE56A008FFD75 /* Movie.swift */,
			);
			path = Models;
			sourceTree = "<group>";
		};
		55D1C56C29ABE5AB008FFD75 /* ViewModels */ = {
			isa = PBXGroup;
			children = (
				55D1C56D29ABE6A8008FFD75 /* MainViewModel.swift */,
			);
			path = ViewModels;
			sourceTree = "<group>";
		};
/* End PBXGroup section */

/* Begin PBXNativeTarget section */
		55D1C53A29ABE509008FFD75 /* Spider-ManMoviesCatalog */ = {
			isa = PBXNativeTarget;
			buildConfigurationList = 55D1C55F29ABE50B008FFD75 /* Build configuration list for PBXNativeTarget "Spider-ManMoviesCatalog" */;
			buildPhases = (
				55D1C53729ABE509008FFD75 /* Sources */,
				55D1C53829ABE509008FFD75 /* Frameworks */,
				55D1C53929ABE509008FFD75 /* Resources */,
			);
			buildRules = (
			);
			dependencies = (
			);
			name = "Spider-ManMoviesCatalog";
			productName = "Spider-ManMoviesCatalog";
			productReference = 55D1C53B29ABE509008FFD75 /* Spider-ManMoviesCatalog.app */;
			productType = "com.apple.product-type.application";
		};
		55D1C54A29ABE50B008FFD75 /* Spider-ManMoviesCatalogTests */ = {
			isa = PBXNativeTarget;
			buildConfigurationList = 55D1C56229ABE50B008FFD75 /* Build configuration list for PBXNativeTarget "Spider-ManMoviesCatalogTests" */;
			buildPhases = (
				55D1C54729ABE50B008FFD75 /* Sources */,
				55D1C54829ABE50B008FFD75 /* Frameworks */,
				55D1C54929ABE50B008FFD75 /* Resources */,
			);
			buildRules = (
			);
			dependencies = (
				55D1C54D29ABE50B008FFD75 /* PBXTargetDependency */,
			);
			name = "Spider-ManMoviesCatalogTests";
			productName = "Spider-ManMoviesCatalogTests";
			productReference = 55D1C54B29ABE50B008FFD75 /* Spider-ManMoviesCatalogTests.xctest */;
			productType = "com.apple.product-type.bundle.unit-test";
		};
		55D1C55429ABE50B008FFD75 /* Spider-ManMoviesCatalogUITests */ = {
			isa = PBXNativeTarget;
			buildConfigurationList = 55D1C56529ABE50B008FFD75 /* Build configuration list for PBXNativeTarget "Spider-ManMoviesCatalogUITests" */;
			buildPhases = (
				55D1C55129ABE50B008FFD75 /* Sources */,
				55D1C55229ABE50B008FFD75 /* Frameworks */,
				55D1C55329ABE50B008FFD75 /* Resources */,
			);
			buildRules = (
			);
			dependencies = (
				55D1C55729ABE50B008FFD75 /* PBXTargetDependency */,
			);
			name = "Spider-ManMoviesCatalogUITests";
			productName = "Spider-ManMoviesCatalogUITests";
			productReference = 55D1C55529ABE50B008FFD75 /* Spider-ManMoviesCatalogUITests.xctest */;
			productType = "com.apple.product-type.bundle.ui-testing";
		};
/* End PBXNativeTarget section */

/* Begin PBXProject section */
		55D1C53329ABE509008FFD75 /* Project object */ = {
			isa = PBXProject;
			attributes = {
				BuildIndependentTargetsInParallel = 1;
				LastSwiftUpdateCheck = 1420;
				LastUpgradeCheck = 1420;
				TargetAttributes = {
					55D1C53A29ABE509008FFD75 = {
						CreatedOnToolsVersion = 14.2;
					};
					55D1C54A29ABE50B008FFD75 = {
						CreatedOnToolsVersion = 14.2;
						TestTargetID = 55D1C53A29ABE509008FFD75;
					};
					55D1C55429ABE50B008FFD75 = {
						CreatedOnToolsVersion = 14.2;
						TestTargetID = 55D1C53A29ABE509008FFD75;
					};
				};
			};
			buildConfigurationList = 55D1C53629ABE509008FFD75 /* Build configuration list for PBXProject "Spider-ManMoviesCatalog" */;
			compatibilityVersion = "Xcode 14.0";
			developmentRegion = en;
			hasScannedForEncodings = 0;
			knownRegions = (
				en,
				Base,
			);
			mainGroup = 55D1C53229ABE509008FFD75;
			productRefGroup = 55D1C53C29ABE509008FFD75 /* Products */;
			projectDirPath = "";
			projectRoot = "";
			targets = (
				55D1C53A29ABE509008FFD75 /* Spider-ManMoviesCatalog */,
				55D1C54A29ABE50B008FFD75 /* Spider-ManMoviesCatalogTests */,
				55D1C55429ABE50B008FFD75 /* Spider-ManMoviesCatalogUITests */,
			);
		};
/* End PBXProject section */

/* Begin PBXResourcesBuildPhase section */
		55D1C53929ABE509008FFD75 /* Resources */ = {
			isa = PBXResourcesBuildPhase;
			buildActionMask = 2147483647;
			files = (
				55D1C54629ABE50B008FFD75 /* Preview Assets.xcassets in Resources */,
				55D1C54329ABE50B008FFD75 /* Assets.xcassets in Resources */,
			);
			runOnlyForDeploymentPostprocessing = 0;
		};
		55D1C54929ABE50B008FFD75 /* Resources */ = {
			isa = PBXResourcesBuildPhase;
			buildActionMask = 2147483647;
			files = (
			);
			runOnlyForDeploymentPostprocessing = 0;
		};
		55D1C55329ABE50B008FFD75 /* Resources */ = {
			isa = PBXResourcesBuildPhase;
			buildActionMask = 2147483647;
			files = (
			);
			runOnlyForDeploymentPostprocessing = 0;
		};
/* End PBXResourcesBuildPhase section */

/* Begin PBXSourcesBuildPhase section */
		55D1C53729ABE509008FFD75 /* Sources */ = {
			isa = PBXSourcesBuildPhase;
			buildActionMask = 2147483647;
			files = (
				55D1C57429ABEAFB008FFD75 /* MovieDetailsView.swift in Sources */,
				55D1C54129ABE509008FFD75 /* ContentView.swift in Sources */,
				55D1C53F29ABE509008FFD75 /* Spider_ManMoviesCatalogApp.swift in Sources */,
				55D1C57029ABE70D008FFD75 /* MovieManager.swift in Sources */,
				55D1C56B29ABE56A008FFD75 /* Movie.swift in Sources */,
				55D1C56E29ABE6A8008FFD75 /* MainViewModel.swift in Sources */,
			);
			runOnlyForDeploymentPostprocessing = 0;
		};
		55D1C54729ABE50B008FFD75 /* Sources */ = {
			isa = PBXSourcesBuildPhase;
			buildActionMask = 2147483647;
			files = (
				55D1C55029ABE50B008FFD75 /* Spider_ManMoviesCatalogTests.swift in Sources */,
			);
			runOnlyForDeploymentPostprocessing = 0;
		};
		55D1C55129ABE50B008FFD75 /* Sources */ = {
			isa = PBXSourcesBuildPhase;
			buildActionMask = 2147483647;
			files = (
				55D1C55A29ABE50B008FFD75 /* Spider_ManMoviesCatalogUITests.swift in Sources */,
				55D1C55C29ABE50B008FFD75 /* Spider_ManMoviesCatalogUITestsLaunchTests.swift in Sources */,
			);
			runOnlyForDeploymentPostprocessing = 0;
		};
/* End PBXSourcesBuildPhase section */

/* Begin PBXTargetDependency section */
		55D1C54D29ABE50B008FFD75 /* PBXTargetDependency */ = {
			isa = PBXTargetDependency;
			target = 55D1C53A29ABE509008FFD75 /* Spider-ManMoviesCatalog */;
			targetProxy = 55D1C54C29ABE50B008FFD75 /* PBXContainerItemProxy */;
		};
		55D1C55729ABE50B008FFD75 /* PBXTargetDependency */ = {
			isa = PBXTargetDependency;
			target = 55D1C53A29ABE509008FFD75 /* Spider-ManMoviesCatalog */;
			targetProxy = 55D1C55629ABE50B008FFD75 /* PBXContainerItemProxy */;
		};
/* End PBXTargetDependency section */

/* Begin XCBuildConfiguration section */
		55D1C55D29ABE50B008FFD75 /* Debug */ = {
			isa = XCBuildConfiguration;
			buildSettings = {
				ALWAYS_SEARCH_USER_PATHS = NO;
				CLANG_ANALYZER_NONNULL = YES;
				CLANG_ANALYZER_NUMBER_OBJECT_CONVERSION = YES_AGGRESSIVE;
				CLANG_CXX_LANGUAGE_STANDARD = "gnu++20";
				CLANG_ENABLE_MODULES = YES;
				CLANG_ENABLE_OBJC_ARC = YES;
				CLANG_ENABLE_OBJC_WEAK = YES;
				CLANG_WARN_BLOCK_CAPTURE_AUTORELEASING = YES;
				CLANG_WARN_BOOL_CONVERSION = YES;
				CLANG_WARN_COMMA = YES;
				CLANG_WARN_CONSTANT_CONVERSION = YES;
				CLANG_WARN_DEPRECATED_OBJC_IMPLEMENTATIONS = YES;
				CLANG_WARN_DIRECT_OBJC_ISA_USAGE = YES_ERROR;
				CLANG_WARN_DOCUMENTATION_COMMENTS = YES;
				CLANG_WARN_EMPTY_BODY = YES;
				CLANG_WARN_ENUM_CONVERSION = YES;
				CLANG_WARN_INFINITE_RECURSION = YES;
				CLANG_WARN_INT_CONVERSION = YES;
				CLANG_WARN_NON_LITERAL_NULL_CONVERSION = YES;
				CLANG_WARN_OBJC_IMPLICIT_RETAIN_SELF = YES;
				CLANG_WARN_OBJC_LITERAL_CONVERSION = YES;
				CLANG_WARN_OBJC_ROOT_CLASS = YES_ERROR;
				CLANG_WARN_QUOTED_INCLUDE_IN_FRAMEWORK_HEADER = YES;
				CLANG_WARN_RANGE_LOOP_ANALYSIS = YES;
				CLANG_WARN_STRICT_PROTOTYPES = YES;
				CLANG_WARN_SUSPICIOUS_MOVE = YES;
				CLANG_WARN_UNGUARDED_AVAILABILITY = YES_AGGRESSIVE;
				CLANG_WARN_UNREACHABLE_CODE = YES;
				CLANG_WARN__DUPLICATE_METHOD_MATCH = YES;
				COPY_PHASE_STRIP = NO;
				DEBUG_INFORMATION_FORMAT = dwarf;
				ENABLE_STRICT_OBJC_MSGSEND = YES;
				ENABLE_TESTABILITY = YES;
				GCC_C_LANGUAGE_STANDARD = gnu11;
				GCC_DYNAMIC_NO_PIC = NO;
				GCC_NO_COMMON_BLOCKS = YES;
				GCC_OPTIMIZATION_LEVEL = 0;
				GCC_PREPROCESSOR_DEFINITIONS = (
					"DEBUG=1",
					"$(inherited)",
				);
				GCC_WARN_64_TO_32_BIT_CONVERSION = YES;
				GCC_WARN_ABOUT_RETURN_TYPE = YES_ERROR;
				GCC_WARN_UNDECLARED_SELECTOR = YES;
				GCC_WARN_UNINITIALIZED_AUTOS = YES_AGGRESSIVE;
				GCC_WARN_UNUSED_FUNCTION = YES;
				GCC_WARN_UNUSED_VARIABLE = YES;
				IPHONEOS_DEPLOYMENT_TARGET = 16.2;
				MTL_ENABLE_DEBUG_INFO = INCLUDE_SOURCE;
				MTL_FAST_MATH = YES;
				ONLY_ACTIVE_ARCH = YES;
				SDKROOT = iphoneos;
				SWIFT_ACTIVE_COMPILATION_CONDITIONS = DEBUG;
				SWIFT_OPTIMIZATION_LEVEL = "-Onone";
			};
			name = Debug;
		};
		55D1C55E29ABE50B008FFD75 /* Release */ = {
			isa = XCBuildConfiguration;
			buildSettings = {
				ALWAYS_SEARCH_USER_PATHS = NO;
				CLANG_ANALYZER_NONNULL = YES;
				CLANG_ANALYZER_NUMBER_OBJECT_CONVERSION = YES_AGGRESSIVE;
				CLANG_CXX_LANGUAGE_STANDARD = "gnu++20";
				CLANG_ENABLE_MODULES = YES;
				CLANG_ENABLE_OBJC_ARC = YES;
				CLANG_ENABLE_OBJC_WEAK = YES;
				CLANG_WARN_BLOCK_CAPTURE_AUTORELEASING = YES;
				CLANG_WARN_BOOL_CONVERSION = YES;
				CLANG_WARN_COMMA = YES;
				CLANG_WARN_CONSTANT_CONVERSION = YES;
				CLANG_WARN_DEPRECATED_OBJC_IMPLEMENTATIONS = YES;
				CLANG_WARN_DIRECT_OBJC_ISA_USAGE = YES_ERROR;
				CLANG_WARN_DOCUMENTATION_COMMENTS = YES;
				CLANG_WARN_EMPTY_BODY = YES;
				CLANG_WARN_ENUM_CONVERSION = YES;
				CLANG_WARN_INFINITE_RECURSION = YES;
				CLANG_WARN_INT_CONVERSION = YES;
				CLANG_WARN_NON_LITERAL_NULL_CONVERSION = YES;
				CLANG_WARN_OBJC_IMPLICIT_RETAIN_SELF = YES;
				CLANG_WARN_OBJC_LITERAL_CONVERSION = YES;
				CLANG_WARN_OBJC_ROOT_CLASS = YES_ERROR;
				CLANG_WARN_QUOTED_INCLUDE_IN_FRAMEWORK_HEADER = YES;
				CLANG_WARN_RANGE_LOOP_ANALYSIS = YES;
				CLANG_WARN_STRICT_PROTOTYPES = YES;
				CLANG_WARN_SUSPICIOUS_MOVE = YES;
				CLANG_WARN_UNGUARDED_AVAILABILITY = YES_AGGRESSIVE;
				CLANG_WARN_UNREACHABLE_CODE = YES;
				CLANG_WARN__DUPLICATE_METHOD_MATCH = YES;
				COPY_PHASE_STRIP = NO;
				DEBUG_INFORMATION_FORMAT = "dwarf-with-dsym";
				ENABLE_NS_ASSERTIONS = NO;
				ENABLE_STRICT_OBJC_MSGSEND = YES;
				GCC_C_LANGUAGE_STANDARD = gnu11;
				GCC_NO_COMMON_BLOCKS = YES;
				GCC_WARN_64_TO_32_BIT_CONVERSION = YES;
				GCC_WARN_ABOUT_RETURN_TYPE = YES_ERROR;
				GCC_WARN_UNDECLARED_SELECTOR = YES;
				GCC_WARN_UNINITIALIZED_AUTOS = YES_AGGRESSIVE;
				GCC_WARN_UNUSED_FUNCTION = YES;
				GCC_WARN_UNUSED_VARIABLE = YES;
				IPHONEOS_DEPLOYMENT_TARGET = 16.2;
				MTL_ENABLE_DEBUG_INFO = NO;
				MTL_FAST_MATH = YES;
				SDKROOT = iphoneos;
				SWIFT_COMPILATION_MODE = wholemodule;
				SWIFT_OPTIMIZATION_LEVEL = "-O";
				VALIDATE_PRODUCT = YES;
			};
			name = Release;
		};
		55D1C56029ABE50B008FFD75 /* Debug */ = {
			isa = XCBuildConfiguration;
			buildSettings = {
				ASSETCATALOG_COMPILER_APPICON_NAME = AppIcon;
				ASSETCATALOG_COMPILER_GLOBAL_ACCENT_COLOR_NAME = AccentColor;
				CODE_SIGN_STYLE = Automatic;
				CURRENT_PROJECT_VERSION = 1;
				DEVELOPMENT_ASSET_PATHS = "\"Spider-ManMoviesCatalog/Preview Content\"";
				DEVELOPMENT_TEAM = P7FYQ2HW53;
				ENABLE_PREVIEWS = YES;
				GENERATE_INFOPLIST_FILE = YES;
				INFOPLIST_KEY_UIApplicationSceneManifest_Generation = YES;
				INFOPLIST_KEY_UIApplicationSupportsIndirectInputEvents = YES;
				INFOPLIST_KEY_UILaunchScreen_Generation = YES;
				INFOPLIST_KEY_UISupportedInterfaceOrientations_iPad = "UIInterfaceOrientationPortrait UIInterfaceOrientationPortraitUpsideDown UIInterfaceOrientationLandscapeLeft UIInterfaceOrientationLandscapeRight";
				INFOPLIST_KEY_UISupportedInterfaceOrientations_iPhone = "UIInterfaceOrientationPortrait UIInterfaceOrientationLandscapeLeft UIInterfaceOrientationLandscapeRight";
				LD_RUNPATH_SEARCH_PATHS = (
					"$(inherited)",
					"@executable_path/Frameworks",
				);
				MARKETING_VERSION = 1.0;
				PRODUCT_BUNDLE_IDENTIFIER = "com.Richard.Spider-ManMoviesCatalog";
				PRODUCT_NAME = "$(TARGET_NAME)";
				SWIFT_EMIT_LOC_STRINGS = YES;
				SWIFT_VERSION = 5.0;
				TARGETED_DEVICE_FAMILY = "1,2";
			};
			name = Debug;
		};
		55D1C56129ABE50B008FFD75 /* Release */ = {
			isa = XCBuildConfiguration;
			buildSettings = {
				ASSETCATALOG_COMPILER_APPICON_NAME = AppIcon;
				ASSETCATALOG_COMPILER_GLOBAL_ACCENT_COLOR_NAME = AccentColor;
				CODE_SIGN_STYLE = Automatic;
				CURRENT_PROJECT_VERSION = 1;
				DEVELOPMENT_ASSET_PATHS = "\"Spider-ManMoviesCatalog/Preview Content\"";
				DEVELOPMENT_TEAM = P7FYQ2HW53;
				ENABLE_PREVIEWS = YES;
				GENERATE_INFOPLIST_FILE = YES;
				INFOPLIST_KEY_UIApplicationSceneManifest_Generation = YES;
				INFOPLIST_KEY_UIApplicationSupportsIndirectInputEvents = YES;
				INFOPLIST_KEY_UILaunchScreen_Generation = YES;
				INFOPLIST_KEY_UISupportedInterfaceOrientations_iPad = "UIInterfaceOrientationPortrait UIInterfaceOrientationPortraitUpsideDown UIInterfaceOrientationLandscapeLeft UIInterfaceOrientationLandscapeRight";
				INFOPLIST_KEY_UISupportedInterfaceOrientations_iPhone = "UIInterfaceOrientationPortrait UIInterfaceOrientationLandscapeLeft UIInterfaceOrientationLandscapeRight";
				LD_RUNPATH_SEARCH_PATHS = (
					"$(inherited)",
					"@executable_path/Frameworks",
				);
				MARKETING_VERSION = 1.0;
				PRODUCT_BUNDLE_IDENTIFIER = "com.Richard.Spider-ManMoviesCatalog";
				PRODUCT_NAME = "$(TARGET_NAME)";
				SWIFT_EMIT_LOC_STRINGS = YES;
				SWIFT_VERSION = 5.0;
				TARGETED_DEVICE_FAMILY = "1,2";
			};
			name = Release;
		};
		55D1C56329ABE50B008FFD75 /* Debug */ = {
			isa = XCBuildConfiguration;
			buildSettings = {
				ALWAYS_EMBED_SWIFT_STANDARD_LIBRARIES = YES;
				BUNDLE_LOADER = "$(TEST_HOST)";
				CODE_SIGN_STYLE = Automatic;
				CURRENT_PROJECT_VERSION = 1;
				DEVELOPMENT_TEAM = P7FYQ2HW53;
				GENERATE_INFOPLIST_FILE = YES;
				IPHONEOS_DEPLOYMENT_TARGET = 16.2;
				MARKETING_VERSION = 1.0;
				PRODUCT_BUNDLE_IDENTIFIER = "com.Richard.Spider-ManMoviesCatalogTests";
				PRODUCT_NAME = "$(TARGET_NAME)";
				SWIFT_EMIT_LOC_STRINGS = NO;
				SWIFT_VERSION = 5.0;
				TARGETED_DEVICE_FAMILY = "1,2";
				TEST_HOST = "$(BUILT_PRODUCTS_DIR)/Spider-ManMoviesCatalog.app/$(BUNDLE_EXECUTABLE_FOLDER_PATH)/Spider-ManMoviesCatalog";
			};
			name = Debug;
		};
		55D1C56429ABE50B008FFD75 /* Release */ = {
			isa = XCBuildConfiguration;
			buildSettings = {
				ALWAYS_EMBED_SWIFT_STANDARD_LIBRARIES = YES;
				BUNDLE_LOADER = "$(TEST_HOST)";
				CODE_SIGN_STYLE = Automatic;
				CURRENT_PROJECT_VERSION = 1;
				DEVELOPMENT_TEAM = P7FYQ2HW53;
				GENERATE_INFOPLIST_FILE = YES;
				IPHONEOS_DEPLOYMENT_TARGET = 16.2;
				MARKETING_VERSION = 1.0;
				PRODUCT_BUNDLE_IDENTIFIER = "com.Richard.Spider-ManMoviesCatalogTests";
				PRODUCT_NAME = "$(TARGET_NAME)";
				SWIFT_EMIT_LOC_STRINGS = NO;
				SWIFT_VERSION = 5.0;
				TARGETED_DEVICE_FAMILY = "1,2";
				TEST_HOST = "$(BUILT_PRODUCTS_DIR)/Spider-ManMoviesCatalog.app/$(BUNDLE_EXECUTABLE_FOLDER_PATH)/Spider-ManMoviesCatalog";
			};
			name = Release;
		};
		55D1C56629ABE50B008FFD75 /* Debug */ = {
			isa = XCBuildConfiguration;
			buildSettings = {
				ALWAYS_EMBED_SWIFT_STANDARD_LIBRARIES = YES;
				CODE_SIGN_STYLE = Automatic;
				CURRENT_PROJECT_VERSION = 1;
				DEVELOPMENT_TEAM = P7FYQ2HW53;
				GENERATE_INFOPLIST_FILE = YES;
				MARKETING_VERSION = 1.0;
				PRODUCT_BUNDLE_IDENTIFIER = "com.Richard.Spider-ManMoviesCatalogUITests";
				PRODUCT_NAME = "$(TARGET_NAME)";
				SWIFT_EMIT_LOC_STRINGS = NO;
				SWIFT_VERSION = 5.0;
				TARGETED_DEVICE_FAMILY = "1,2";
				TEST_TARGET_NAME = "Spider-ManMoviesCatalog";
			};
			name = Debug;
		};
		55D1C56729ABE50B008FFD75 /* Release */ = {
			isa = XCBuildConfiguration;
			buildSettings = {
				ALWAYS_EMBED_SWIFT_STANDARD_LIBRARIES = YES;
				CODE_SIGN_STYLE = Automatic;
				CURRENT_PROJECT_VERSION = 1;
				DEVELOPMENT_TEAM = P7FYQ2HW53;
				GENERATE_INFOPLIST_FILE = YES;
				MARKETING_VERSION = 1.0;
				PRODUCT_BUNDLE_IDENTIFIER = "com.Richard.Spider-ManMoviesCatalogUITests";
				PRODUCT_NAME = "$(TARGET_NAME)";
				SWIFT_EMIT_LOC_STRINGS = NO;
				SWIFT_VERSION = 5.0;
				TARGETED_DEVICE_FAMILY = "1,2";
				TEST_TARGET_NAME = "Spider-ManMoviesCatalog";
			};
			name = Release;
		};
/* End XCBuildConfiguration section */

/* Begin XCConfigurationList section */
		55D1C53629ABE509008FFD75 /* Build configuration list for PBXProject "Spider-ManMoviesCatalog" */ = {
			isa = XCConfigurationList;
			buildConfigurations = (
				55D1C55D29ABE50B008FFD75 /* Debug */,
				55D1C55E29ABE50B008FFD75 /* Release */,
			);
			defaultConfigurationIsVisible = 0;
			defaultConfigurationName = Release;
		};
		55D1C55F29ABE50B008FFD75 /* Build configuration list for PBXNativeTarget "Spider-ManMoviesCatalog" */ = {
			isa = XCConfigurationList;
			buildConfigurations = (
				55D1C56029ABE50B008FFD75 /* Debug */,
				55D1C56129ABE50B008FFD75 /* Release */,
			);
			defaultConfigurationIsVisible = 0;
			defaultConfigurationName = Release;
		};
		55D1C56229ABE50B008FFD75 /* Build configuration list for PBXNativeTarget "Spider-ManMoviesCatalogTests" */ = {
			isa = XCConfigurationList;
			buildConfigurations = (
				55D1C56329ABE50B008FFD75 /* Debug */,
				55D1C56429ABE50B008FFD75 /* Release */,
			);
			defaultConfigurationIsVisible = 0;
			defaultConfigurationName = Release;
		};
		55D1C56529ABE50B008FFD75 /* Build configuration list for PBXNativeTarget "Spider-ManMoviesCatalogUITests" */ = {
			isa = XCConfigurationList;
			buildConfigurations = (
				55D1C56629ABE50B008FFD75 /* Debug */,
				55D1C56729ABE50B008FFD75 /* Release */,
			);
			defaultConfigurationIsVisible = 0;
			defaultConfigurationName = Release;
		};
/* End XCConfigurationList section */
	};
	rootObject = 55D1C53329ABE509008FFD75 /* Project object */;
}
